// !$*UTF8*$!
{
	archiveVersion = 1;
	classes = {
	};
	objectVersion = 55;
	objects = {

/* Begin PBXBuildFile section */
		B30414EF2ABC25CB00067863 /* SceneDelegate.swift in Sources */ = {isa = PBXBuildFile; fileRef = B30414EE2ABC25CB00067863 /* SceneDelegate.swift */; };
		B30414F12ABC25CB00067863 /* ViewController.swift in Sources */ = {isa = PBXBuildFile; fileRef = B30414F02ABC25CB00067863 /* ViewController.swift */; };
		B30414F42ABC25CB00067863 /* Main.storyboard in Resources */ = {isa = PBXBuildFile; fileRef = B30414F22ABC25CB00067863 /* Main.storyboard */; };
		B30414F62ABC25D100067863 /* Assets.xcassets in Resources */ = {isa = PBXBuildFile; fileRef = B30414F52ABC25D100067863 /* Assets.xcassets */; };
		B30414F92ABC25D100067863 /* LaunchScreen.storyboard in Resources */ = {isa = PBXBuildFile; fileRef = B30414F72ABC25D100067863 /* LaunchScreen.storyboard */; };
		B30415042ABC25D200067863 /* APITestCasesTests.swift in Sources */ = {isa = PBXBuildFile; fileRef = B30415032ABC25D200067863 /* APITestCasesTests.swift */; };
		B304150E2ABC25D200067863 /* APITestCasesUITests.swift in Sources */ = {isa = PBXBuildFile; fileRef = B304150D2ABC25D200067863 /* APITestCasesUITests.swift */; };
		B30415102ABC25D200067863 /* APITestCasesUITestsLaunchTests.swift in Sources */ = {isa = PBXBuildFile; fileRef = B304150F2ABC25D200067863 /* APITestCasesUITestsLaunchTests.swift */; };
		B304151E2ABC25F100067863 /* APIManager.swift in Sources */ = {isa = PBXBuildFile; fileRef = B304151D2ABC25F100067863 /* APIManager.swift */; };
		B30415202ABC343A00067863 /* APITestCase.swift in Sources */ = {isa = PBXBuildFile; fileRef = B304151F2ABC343A00067863 /* APITestCase.swift */; };
		B30415212ABC344500067863 /* AppDelegate.swift in Sources */ = {isa = PBXBuildFile; fileRef = B30414EC2ABC25CB00067863 /* AppDelegate.swift */; };
/* End PBXBuildFile section */

/* Begin PBXContainerItemProxy section */
		B30415002ABC25D200067863 /* PBXContainerItemProxy */ = {
			isa = PBXContainerItemProxy;
			containerPortal = B30414E12ABC25CB00067863 /* Project object */;
			proxyType = 1;
			remoteGlobalIDString = B30414E82ABC25CB00067863;
			remoteInfo = APITestCases;
		};
		B304150A2ABC25D200067863 /* PBXContainerItemProxy */ = {
			isa = PBXContainerItemProxy;
			containerPortal = B30414E12ABC25CB00067863 /* Project object */;
			proxyType = 1;
			remoteGlobalIDString = B30414E82ABC25CB00067863;
			remoteInfo = APITestCases;
		};
/* End PBXContainerItemProxy section */

/* Begin PBXFileReference section */
		B30414E92ABC25CB00067863 /* APITestCases.app */ = {isa = PBXFileReference; explicitFileType = wrapper.application; includeInIndex = 0; path = APITestCases.app; sourceTree = BUILT_PRODUCTS_DIR; };
		B30414EC2ABC25CB00067863 /* AppDelegate.swift */ = {isa = PBXFileReference; lastKnownFileType = sourcecode.swift; path = AppDelegate.swift; sourceTree = "<group>"; };
		B30414EE2ABC25CB00067863 /* SceneDelegate.swift */ = {isa = PBXFileReference; lastKnownFileType = sourcecode.swift; path = SceneDelegate.swift; sourceTree = "<group>"; };
		B30414F02ABC25CB00067863 /* ViewController.swift */ = {isa = PBXFileReference; lastKnownFileType = sourcecode.swift; path = ViewController.swift; sourceTree = "<group>"; };
		B30414F32ABC25CB00067863 /* Base */ = {isa = PBXFileReference; lastKnownFileType = file.storyboard; name = Base; path = Base.lproj/Main.storyboard; sourceTree = "<group>"; };
		B30414F52ABC25D100067863 /* Assets.xcassets */ = {isa = PBXFileReference; lastKnownFileType = folder.assetcatalog; path = Assets.xcassets; sourceTree = "<group>"; };
		B30414F82ABC25D100067863 /* Base */ = {isa = PBXFileReference; lastKnownFileType = file.storyboard; name = Base; path = Base.lproj/LaunchScreen.storyboard; sourceTree = "<group>"; };
		B30414FA2ABC25D100067863 /* Info.plist */ = {isa = PBXFileReference; lastKnownFileType = text.plist.xml; path = Info.plist; sourceTree = "<group>"; };
		B30414FF2ABC25D200067863 /* APITestCasesTests.xctest */ = {isa = PBXFileReference; explicitFileType = wrapper.cfbundle; includeInIndex = 0; path = APITestCasesTests.xctest; sourceTree = BUILT_PRODUCTS_DIR; };
		B30415032ABC25D200067863 /* APITestCasesTests.swift */ = {isa = PBXFileReference; lastKnownFileType = sourcecode.swift; path = APITestCasesTests.swift; sourceTree = "<group>"; };
		B30415092ABC25D200067863 /* APITestCasesUITests.xctest */ = {isa = PBXFileReference; explicitFileType = wrapper.cfbundle; includeInIndex = 0; path = APITestCasesUITests.xctest; sourceTree = BUILT_PRODUCTS_DIR; };
		B304150D2ABC25D200067863 /* APITestCasesUITests.swift */ = {isa = PBXFileReference; lastKnownFileType = sourcecode.swift; path = APITestCasesUITests.swift; sourceTree = "<group>"; };
		B304150F2ABC25D200067863 /* APITestCasesUITestsLaunchTests.swift */ = {isa = PBXFileReference; lastKnownFileType = sourcecode.swift; path = APITestCasesUITestsLaunchTests.swift; sourceTree = "<group>"; };
		B304151D2ABC25F100067863 /* APIManager.swift */ = {isa = PBXFileReference; lastKnownFileType = sourcecode.swift; path = APIManager.swift; sourceTree = "<group>"; };
		B304151F2ABC343A00067863 /* APITestCase.swift */ = {isa = PBXFileReference; lastKnownFileType = sourcecode.swift; path = APITestCase.swift; sourceTree = "<group>"; };
/* End PBXFileReference section */

/* Begin PBXFrameworksBuildPhase section */
		B30414E62ABC25CB00067863 /* Frameworks */ = {
			isa = PBXFrameworksBuildPhase;
			buildActionMask = 2147483647;
			files = (
			);
			runOnlyForDeploymentPostprocessing = 0;
		};
		B30414FC2ABC25D200067863 /* Frameworks */ = {
			isa = PBXFrameworksBuildPhase;
			buildActionMask = 2147483647;
			files = (
			);
			runOnlyForDeploymentPostprocessing = 0;
		};
		B30415062ABC25D200067863 /* Frameworks */ = {
			isa = PBXFrameworksBuildPhase;
			buildActionMask = 2147483647;
			files = (
			);
			runOnlyForDeploymentPostprocessing = 0;
		};
/* End PBXFrameworksBuildPhase section */

/* Begin PBXGroup section */
		B30414E02ABC25CB00067863 = {
			isa = PBXGroup;
			children = (
				B30414EB2ABC25CB00067863 /* APITestCases */,
				B30415022ABC25D200067863 /* APITestCasesTests */,
				B304150C2ABC25D200067863 /* APITestCasesUITests */,
				B30414EA2ABC25CB00067863 /* Products */,
			);
			sourceTree = "<group>";
		};
		B30414EA2ABC25CB00067863 /* Products */ = {
			isa = PBXGroup;
			children = (
				B30414E92ABC25CB00067863 /* APITestCases.app */,
				B30414FF2ABC25D200067863 /* APITestCasesTests.xctest */,
				B30415092ABC25D200067863 /* APITestCasesUITests.xctest */,
			);
			name = Products;
			sourceTree = "<group>";
		};
		B30414EB2ABC25CB00067863 /* APITestCases */ = {
			isa = PBXGroup;
			children = (
				B304151C2ABC25DE00067863 /* APIManager */,
				B30414EE2ABC25CB00067863 /* SceneDelegate.swift */,
				B30414F02ABC25CB00067863 /* ViewController.swift */,
				B30414F22ABC25CB00067863 /* Main.storyboard */,
				B30414F52ABC25D100067863 /* Assets.xcassets */,
				B30414F72ABC25D100067863 /* LaunchScreen.storyboard */,
				B30414FA2ABC25D100067863 /* Info.plist */,
			);
			path = APITestCases;
			sourceTree = "<group>";
		};
		B30415022ABC25D200067863 /* APITestCasesTests */ = {
			isa = PBXGroup;
			children = (
				B30414EC2ABC25CB00067863 /* AppDelegate.swift */,
				B304151F2ABC343A00067863 /* APITestCase.swift */,
				B30415032ABC25D200067863 /* APITestCasesTests.swift */,
			);
			path = APITestCasesTests;
			sourceTree = "<group>";
		};
		B304150C2ABC25D200067863 /* APITestCasesUITests */ = {
			isa = PBXGroup;
			children = (
				B304150D2ABC25D200067863 /* APITestCasesUITests.swift */,
				B304150F2ABC25D200067863 /* APITestCasesUITestsLaunchTests.swift */,
			);
			path = APITestCasesUITests;
			sourceTree = "<group>";
		};
		B304151C2ABC25DE00067863 /* APIManager */ = {
			isa = PBXGroup;
			children = (
				B304151D2ABC25F100067863 /* APIManager.swift */,
			);
			path = APIManager;
			sourceTree = "<group>";
		};
/* End PBXGroup section */

/* Begin PBXNativeTarget section */
		B30414E82ABC25CB00067863 /* APITestCases */ = {
			isa = PBXNativeTarget;
			buildConfigurationList = B30415132ABC25D200067863 /* Build configuration list for PBXNativeTarget "APITestCases" */;
			buildPhases = (
				B30414E52ABC25CB00067863 /* Sources */,
				B30414E62ABC25CB00067863 /* Frameworks */,
				B30414E72ABC25CB00067863 /* Resources */,
			);
			buildRules = (
			);
			dependencies = (
			);
			name = APITestCases;
			productName = APITestCases;
			productReference = B30414E92ABC25CB00067863 /* APITestCases.app */;
			productType = "com.apple.product-type.application";
		};
		B30414FE2ABC25D200067863 /* APITestCasesTests */ = {
			isa = PBXNativeTarget;
			buildConfigurationList = B30415162ABC25D200067863 /* Build configuration list for PBXNativeTarget "APITestCasesTests" */;
			buildPhases = (
				B30414FB2ABC25D200067863 /* Sources */,
				B30414FC2ABC25D200067863 /* Frameworks */,
				B30414FD2ABC25D200067863 /* Resources */,
			);
			buildRules = (
			);
			dependencies = (
				B30415012ABC25D200067863 /* PBXTargetDependency */,
			);
			name = APITestCasesTests;
			productName = APITestCasesTests;
			productReference = B30414FF2ABC25D200067863 /* APITestCasesTests.xctest */;
			productType = "com.apple.product-type.bundle.unit-test";
		};
		B30415082ABC25D200067863 /* APITestCasesUITests */ = {
			isa = PBXNativeTarget;
			buildConfigurationList = B30415192ABC25D200067863 /* Build configuration list for PBXNativeTarget "APITestCasesUITests" */;
			buildPhases = (
				B30415052ABC25D200067863 /* Sources */,
				B30415062ABC25D200067863 /* Frameworks */,
				B30415072ABC25D200067863 /* Resources */,
			);
			buildRules = (
			);
			dependencies = (
				B304150B2ABC25D200067863 /* PBXTargetDependency */,
			);
			name = APITestCasesUITests;
			productName = APITestCasesUITests;
			productReference = B30415092ABC25D200067863 /* APITestCasesUITests.xctest */;
			productType = "com.apple.product-type.bundle.ui-testing";
		};
/* End PBXNativeTarget section */

/* Begin PBXProject section */
		B30414E12ABC25CB00067863 /* Project object */ = {
			isa = PBXProject;
			attributes = {
				BuildIndependentTargetsInParallel = 1;
				LastSwiftUpdateCheck = 1320;
				LastUpgradeCheck = 1320;
				TargetAttributes = {
					B30414E82ABC25CB00067863 = {
						CreatedOnToolsVersion = 13.2.1;
					};
					B30414FE2ABC25D200067863 = {
						CreatedOnToolsVersion = 13.2.1;
						TestTargetID = B30414E82ABC25CB00067863;
					};
					B30415082ABC25D200067863 = {
						CreatedOnToolsVersion = 13.2.1;
						TestTargetID = B30414E82ABC25CB00067863;
					};
				};
			};
			buildConfigurationList = B30414E42ABC25CB00067863 /* Build configuration list for PBXProject "APITestCases" */;
			compatibilityVersion = "Xcode 13.0";
			developmentRegion = en;
			hasScannedForEncodings = 0;
			knownRegions = (
				en,
				Base,
			);
			mainGroup = B30414E02ABC25CB00067863;
			productRefGroup = B30414EA2ABC25CB00067863 /* Products */;
			projectDirPath = "";
			projectRoot = "";
			targets = (
				B30414E82ABC25CB00067863 /* APITestCases */,
				B30414FE2ABC25D200067863 /* APITestCasesTests */,
				B30415082ABC25D200067863 /* APITestCasesUITests */,
			);
		};
/* End PBXProject section */

/* Begin PBXResourcesBuildPhase section */
		B30414E72ABC25CB00067863 /* Resources */ = {
			isa = PBXResourcesBuildPhase;
			buildActionMask = 2147483647;
			files = (
				B30414F92ABC25D100067863 /* LaunchScreen.storyboard in Resources */,
				B30414F62ABC25D100067863 /* Assets.xcassets in Resources */,
				B30414F42ABC25CB00067863 /* Main.storyboard in Resources */,
			);
			runOnlyForDeploymentPostprocessing = 0;
		};
		B30414FD2ABC25D200067863 /* Resources */ = {
			isa = PBXResourcesBuildPhase;
			buildActionMask = 2147483647;
			files = (
			);
			runOnlyForDeploymentPostprocessing = 0;
		};
		B30415072ABC25D200067863 /* Resources */ = {
			isa = PBXResourcesBuildPhase;
			buildActionMask = 2147483647;
			files = (
			);
			runOnlyForDeploymentPostprocessing = 0;
		};
/* End PBXResourcesBuildPhase section */

/* Begin PBXSourcesBuildPhase section */
		B30414E52ABC25CB00067863 /* Sources */ = {
			isa = PBXSourcesBuildPhase;
			buildActionMask = 2147483647;
			files = (
				B304151E2ABC25F100067863 /* APIManager.swift in Sources */,
				B30414F12ABC25CB00067863 /* ViewController.swift in Sources */,
				B30414EF2ABC25CB00067863 /* SceneDelegate.swift in Sources */,
			);
			runOnlyForDeploymentPostprocessing = 0;
		};
		B30414FB2ABC25D200067863 /* Sources */ = {
			isa = PBXSourcesBuildPhase;
			buildActionMask = 2147483647;
			files = (
				B30415212ABC344500067863 /* AppDelegate.swift in Sources */,
				B30415202ABC343A00067863 /* APITestCase.swift in Sources */,
				B30415042ABC25D200067863 /* APITestCasesTests.swift in Sources */,
			);
			runOnlyForDeploymentPostprocessing = 0;
		};
		B30415052ABC25D200067863 /* Sources */ = {
			isa = PBXSourcesBuildPhase;
			buildActionMask = 2147483647;
			files = (
				B304150E2ABC25D200067863 /* APITestCasesUITests.swift in Sources */,
				B30415102ABC25D200067863 /* APITestCasesUITestsLaunchTests.swift in Sources */,
			);
			runOnlyForDeploymentPostprocessing = 0;
		};
/* End PBXSourcesBuildPhase section */

/* Begin PBXTargetDependency section */
		B30415012ABC25D200067863 /* PBXTargetDependency */ = {
			isa = PBXTargetDependency;
			target = B30414E82ABC25CB00067863 /* APITestCases */;
			targetProxy = B30415002ABC25D200067863 /* PBXContainerItemProxy */;
		};
		B304150B2ABC25D200067863 /* PBXTargetDependency */ = {
			isa = PBXTargetDependency;
			target = B30414E82ABC25CB00067863 /* APITestCases */;
			targetProxy = B304150A2ABC25D200067863 /* PBXContainerItemProxy */;
		};
/* End PBXTargetDependency section */

/* Begin PBXVariantGroup section */
		B30414F22ABC25CB00067863 /* Main.storyboard */ = {
			isa = PBXVariantGroup;
			children = (
				B30414F32ABC25CB00067863 /* Base */,
			);
			name = Main.storyboard;
			sourceTree = "<group>";
		};
		B30414F72ABC25D100067863 /* LaunchScreen.storyboard */ = {
			isa = PBXVariantGroup;
			children = (
				B30414F82ABC25D100067863 /* Base */,
			);
			name = LaunchScreen.storyboard;
			sourceTree = "<group>";
		};
/* End PBXVariantGroup section */

/* Begin XCBuildConfiguration section */
		B30415112ABC25D200067863 /* Debug */ = {
			isa = XCBuildConfiguration;
			buildSettings = {
				ALWAYS_SEARCH_USER_PATHS = NO;
				CLANG_ANALYZER_NONNULL = YES;
				CLANG_ANALYZER_NUMBER_OBJECT_CONVERSION = YES_AGGRESSIVE;
				CLANG_CXX_LANGUAGE_STANDARD = "gnu++17";
				CLANG_CXX_LIBRARY = "libc++";
				CLANG_ENABLE_MODULES = YES;
				CLANG_ENABLE_OBJC_ARC = YES;
				CLANG_ENABLE_OBJC_WEAK = YES;
				CLANG_WARN_BLOCK_CAPTURE_AUTORELEASING = YES;
				CLANG_WARN_BOOL_CONVERSION = YES;
				CLANG_WARN_COMMA = YES;
				CLANG_WARN_CONSTANT_CONVERSION = YES;
				CLANG_WARN_DEPRECATED_OBJC_IMPLEMENTATIONS = YES;
				CLANG_WARN_DIRECT_OBJC_ISA_USAGE = YES_ERROR;
				CLANG_WARN_DOCUMENTATION_COMMENTS = YES;
				CLANG_WARN_EMPTY_BODY = YES;
				CLANG_WARN_ENUM_CONVERSION = YES;
				CLANG_WARN_INFINITE_RECURSION = YES;
				CLANG_WARN_INT_CONVERSION = YES;
				CLANG_WARN_NON_LITERAL_NULL_CONVERSION = YES;
				CLANG_WARN_OBJC_IMPLICIT_RETAIN_SELF = YES;
				CLANG_WARN_OBJC_LITERAL_CONVERSION = YES;
				CLANG_WARN_OBJC_ROOT_CLASS = YES_ERROR;
				CLANG_WARN_QUOTED_INCLUDE_IN_FRAMEWORK_HEADER = YES;
				CLANG_WARN_RANGE_LOOP_ANALYSIS = YES;
				CLANG_WARN_STRICT_PROTOTYPES = YES;
				CLANG_WARN_SUSPICIOUS_MOVE = YES;
				CLANG_WARN_UNGUARDED_AVAILABILITY = YES_AGGRESSIVE;
				CLANG_WARN_UNREACHABLE_CODE = YES;
				CLANG_WARN__DUPLICATE_METHOD_MATCH = YES;
				COPY_PHASE_STRIP = NO;
				DEBUG_INFORMATION_FORMAT = dwarf;
				ENABLE_STRICT_OBJC_MSGSEND = YES;
				ENABLE_TESTABILITY = YES;
				GCC_C_LANGUAGE_STANDARD = gnu11;
				GCC_DYNAMIC_NO_PIC = NO;
				GCC_NO_COMMON_BLOCKS = YES;
				GCC_OPTIMIZATION_LEVEL = 0;
				GCC_PREPROCESSOR_DEFINITIONS = (
					"DEBUG=1",
					"$(inherited)",
				);
				GCC_WARN_64_TO_32_BIT_CONVERSION = YES;
				GCC_WARN_ABOUT_RETURN_TYPE = YES_ERROR;
				GCC_WARN_UNDECLARED_SELECTOR = YES;
				GCC_WARN_UNINITIALIZED_AUTOS = YES_AGGRESSIVE;
				GCC_WARN_UNUSED_FUNCTION = YES;
				GCC_WARN_UNUSED_VARIABLE = YES;
				IPHONEOS_DEPLOYMENT_TARGET = 15.2;
				MTL_ENABLE_DEBUG_INFO = INCLUDE_SOURCE;
				MTL_FAST_MATH = YES;
				ONLY_ACTIVE_ARCH = YES;
				SDKROOT = iphoneos;
				SWIFT_ACTIVE_COMPILATION_CONDITIONS = DEBUG;
				SWIFT_OPTIMIZATION_LEVEL = "-Onone";
			};
			name = Debug;
		};
		B30415122ABC25D200067863 /* Release */ = {
			isa = XCBuildConfiguration;
			buildSettings = {
				ALWAYS_SEARCH_USER_PATHS = NO;
				CLANG_ANALYZER_NONNULL = YES;
				CLANG_ANALYZER_NUMBER_OBJECT_CONVERSION = YES_AGGRESSIVE;
				CLANG_CXX_LANGUAGE_STANDARD = "gnu++17";
				CLANG_CXX_LIBRARY = "libc++";
				CLANG_ENABLE_MODULES = YES;
				CLANG_ENABLE_OBJC_ARC = YES;
				CLANG_ENABLE_OBJC_WEAK = YES;
				CLANG_WARN_BLOCK_CAPTURE_AUTORELEASING = YES;
				CLANG_WARN_BOOL_CONVERSION = YES;
				CLANG_WARN_COMMA = YES;
				CLANG_WARN_CONSTANT_CONVERSION = YES;
				CLANG_WARN_DEPRECATED_OBJC_IMPLEMENTATIONS = YES;
				CLANG_WARN_DIRECT_OBJC_ISA_USAGE = YES_ERROR;
				CLANG_WARN_DOCUMENTATION_COMMENTS = YES;
				CLANG_WARN_EMPTY_BODY = YES;
				CLANG_WARN_ENUM_CONVERSION = YES;
				CLANG_WARN_INFINITE_RECURSION = YES;
				CLANG_WARN_INT_CONVERSION = YES;
				CLANG_WARN_NON_LITERAL_NULL_CONVERSION = YES;
				CLANG_WARN_OBJC_IMPLICIT_RETAIN_SELF = YES;
				CLANG_WARN_OBJC_LITERAL_CONVERSION = YES;
				CLANG_WARN_OBJC_ROOT_CLASS = YES_ERROR;
				CLANG_WARN_QUOTED_INCLUDE_IN_FRAMEWORK_HEADER = YES;
				CLANG_WARN_RANGE_LOOP_ANALYSIS = YES;
				CLANG_WARN_STRICT_PROTOTYPES = YES;
				CLANG_WARN_SUSPICIOUS_MOVE = YES;
				CLANG_WARN_UNGUARDED_AVAILABILITY = YES_AGGRESSIVE;
				CLANG_WARN_UNREACHABLE_CODE = YES;
				CLANG_WARN__DUPLICATE_METHOD_MATCH = YES;
				COPY_PHASE_STRIP = NO;
				DEBUG_INFORMATION_FORMAT = "dwarf-with-dsym";
				ENABLE_NS_ASSERTIONS = NO;
				ENABLE_STRICT_OBJC_MSGSEND = YES;
				GCC_C_LANGUAGE_STANDARD = gnu11;
				GCC_NO_COMMON_BLOCKS = YES;
				GCC_WARN_64_TO_32_BIT_CONVERSION = YES;
				GCC_WARN_ABOUT_RETURN_TYPE = YES_ERROR;
				GCC_WARN_UNDECLARED_SELECTOR = YES;
				GCC_WARN_UNINITIALIZED_AUTOS = YES_AGGRESSIVE;
				GCC_WARN_UNUSED_FUNCTION = YES;
				GCC_WARN_UNUSED_VARIABLE = YES;
				IPHONEOS_DEPLOYMENT_TARGET = 15.2;
				MTL_ENABLE_DEBUG_INFO = NO;
				MTL_FAST_MATH = YES;
				SDKROOT = iphoneos;
				SWIFT_COMPILATION_MODE = wholemodule;
				SWIFT_OPTIMIZATION_LEVEL = "-O";
				VALIDATE_PRODUCT = YES;
			};
			name = Release;
		};
		B30415142ABC25D200067863 /* Debug */ = {
			isa = XCBuildConfiguration;
			buildSettings = {
				ASSETCATALOG_COMPILER_APPICON_NAME = AppIcon;
				ASSETCATALOG_COMPILER_GLOBAL_ACCENT_COLOR_NAME = AccentColor;
				CODE_SIGN_STYLE = Automatic;
				CURRENT_PROJECT_VERSION = 1;
				GENERATE_INFOPLIST_FILE = YES;
				INFOPLIST_FILE = APITestCases/Info.plist;
				INFOPLIST_KEY_UIApplicationSupportsIndirectInputEvents = YES;
				INFOPLIST_KEY_UILaunchStoryboardName = LaunchScreen;
				INFOPLIST_KEY_UIMainStoryboardFile = Main;
				INFOPLIST_KEY_UISupportedInterfaceOrientations_iPad = "UIInterfaceOrientationPortrait UIInterfaceOrientationPortraitUpsideDown UIInterfaceOrientationLandscapeLeft UIInterfaceOrientationLandscapeRight";
				INFOPLIST_KEY_UISupportedInterfaceOrientations_iPhone = "UIInterfaceOrientationPortrait UIInterfaceOrientationLandscapeLeft UIInterfaceOrientationLandscapeRight";
				LD_RUNPATH_SEARCH_PATHS = (
					"$(inherited)",
					"@executable_path/Frameworks",
				);
				MARKETING_VERSION = 1.0;
				PRODUCT_BUNDLE_IDENTIFIER = makemycoolApp.APITestCases;
				PRODUCT_NAME = "$(TARGET_NAME)";
				SWIFT_EMIT_LOC_STRINGS = YES;
				SWIFT_VERSION = 5.0;
				TARGETED_DEVICE_FAMILY = "1,2";
			};
			name = Debug;
		};
		B30415152ABC25D200067863 /* Release */ = {
			isa = XCBuildConfiguration;
			buildSettings = {
				ASSETCATALOG_COMPILER_APPICON_NAME = AppIcon;
				ASSETCATALOG_COMPILER_GLOBAL_ACCENT_COLOR_NAME = AccentColor;
				CODE_SIGN_STYLE = Automatic;
				CURRENT_PROJECT_VERSION = 1;
				GENERATE_INFOPLIST_FILE = YES;
				INFOPLIST_FILE = APITestCases/Info.plist;
				INFOPLIST_KEY_UIApplicationSupportsIndirectInputEvents = YES;
				INFOPLIST_KEY_UILaunchStoryboardName = LaunchScreen;
				INFOPLIST_KEY_UIMainStoryboardFile = Main;
				INFOPLIST_KEY_UISupportedInterfaceOrientations_iPad = "UIInterfaceOrientationPortrait UIInterfaceOrientationPortraitUpsideDown UIInterfaceOrientationLandscapeLeft UIInterfaceOrientationLandscapeRight";
				INFOPLIST_KEY_UISupportedInterfaceOrientations_iPhone = "UIInterfaceOrientationPortrait UIInterfaceOrientationLandscapeLeft UIInterfaceOrientationLandscapeRight";
				LD_RUNPATH_SEARCH_PATHS = (
					"$(inherited)",
					"@executable_path/Frameworks",
				);
				MARKETING_VERSION = 1.0;
				PRODUCT_BUNDLE_IDENTIFIER = makemycoolApp.APITestCases;
				PRODUCT_NAME = "$(TARGET_NAME)";
				SWIFT_EMIT_LOC_STRINGS = YES;
				SWIFT_VERSION = 5.0;
				TARGETED_DEVICE_FAMILY = "1,2";
			};
			name = Release;
		};
		B30415172ABC25D200067863 /* Debug */ = {
			isa = XCBuildConfiguration;
			buildSettings = {
				ALWAYS_EMBED_SWIFT_STANDARD_LIBRARIES = YES;
				BUNDLE_LOADER = "$(TEST_HOST)";
				CODE_SIGN_STYLE = Automatic;
				CURRENT_PROJECT_VERSION = 1;
				GENERATE_INFOPLIST_FILE = YES;
				IPHONEOS_DEPLOYMENT_TARGET = 15.2;
				MARKETING_VERSION = 1.0;
				PRODUCT_BUNDLE_IDENTIFIER = makemycoolApp.APITestCasesTests;
				PRODUCT_NAME = "$(TARGET_NAME)";
				SWIFT_EMIT_LOC_STRINGS = NO;
				SWIFT_VERSION = 5.0;
				TARGETED_DEVICE_FAMILY = "1,2";
				TEST_HOST = "$(BUILT_PRODUCTS_DIR)/APITestCases.app/APITestCases";
			};
			name = Debug;
		};
		B30415182ABC25D200067863 /* Release */ = {
			isa = XCBuildConfiguration;
			buildSettings = {
				ALWAYS_EMBED_SWIFT_STANDARD_LIBRARIES = YES;
				BUNDLE_LOADER = "$(TEST_HOST)";
				CODE_SIGN_STYLE = Automatic;
				CURRENT_PROJECT_VERSION = 1;
				GENERATE_INFOPLIST_FILE = YES;
				IPHONEOS_DEPLOYMENT_TARGET = 15.2;
				MARKETING_VERSION = 1.0;
				PRODUCT_BUNDLE_IDENTIFIER = makemycoolApp.APITestCasesTests;
				PRODUCT_NAME = "$(TARGET_NAME)";
				SWIFT_EMIT_LOC_STRINGS = NO;
				SWIFT_VERSION = 5.0;
				TARGETED_DEVICE_FAMILY = "1,2";
				TEST_HOST = "$(BUILT_PRODUCTS_DIR)/APITestCases.app/APITestCases";
			};
			name = Release;
		};
		B304151A2ABC25D200067863 /* Debug */ = {
			isa = XCBuildConfiguration;
			buildSettings = {
				ALWAYS_EMBED_SWIFT_STANDARD_LIBRARIES = YES;
				CODE_SIGN_STYLE = Automatic;
				CURRENT_PROJECT_VERSION = 1;
				GENERATE_INFOPLIST_FILE = YES;
				MARKETING_VERSION = 1.0;
				PRODUCT_BUNDLE_IDENTIFIER = makemycoolApp.APITestCasesUITests;
				PRODUCT_NAME = "$(TARGET_NAME)";
				SWIFT_EMIT_LOC_STRINGS = NO;
				SWIFT_VERSION = 5.0;
				TARGETED_DEVICE_FAMILY = "1,2";
				TEST_TARGET_NAME = APITestCases;
			};
			name = Debug;
		};
		B304151B2ABC25D200067863 /* Release */ = {
			isa = XCBuildConfiguration;
			buildSettings = {
				ALWAYS_EMBED_SWIFT_STANDARD_LIBRARIES = YES;
				CODE_SIGN_STYLE = Automatic;
				CURRENT_PROJECT_VERSION = 1;
				GENERATE_INFOPLIST_FILE = YES;
				MARKETING_VERSION = 1.0;
				PRODUCT_BUNDLE_IDENTIFIER = makemycoolApp.APITestCasesUITests;
				PRODUCT_NAME = "$(TARGET_NAME)";
				SWIFT_EMIT_LOC_STRINGS = NO;
				SWIFT_VERSION = 5.0;
				TARGETED_DEVICE_FAMILY = "1,2";
				TEST_TARGET_NAME = APITestCases;
			};
			name = Release;
		};
/* End XCBuildConfiguration section */

/* Begin XCConfigurationList section */
		B30414E42ABC25CB00067863 /* Build configuration list for PBXProject "APITestCases" */ = {
			isa = XCConfigurationList;
			buildConfigurations = (
				B30415112ABC25D200067863 /* Debug */,
				B30415122ABC25D200067863 /* Release */,
			);
			defaultConfigurationIsVisible = 0;
			defaultConfigurationName = Release;
		};
		B30415132ABC25D200067863 /* Build configuration list for PBXNativeTarget "APITestCases" */ = {
			isa = XCConfigurationList;
			buildConfigurations = (
				B30415142ABC25D200067863 /* Debug */,
				B30415152ABC25D200067863 /* Release */,
			);
			defaultConfigurationIsVisible = 0;
			defaultConfigurationName = Release;
		};
		B30415162ABC25D200067863 /* Build configuration list for PBXNativeTarget "APITestCasesTests" */ = {
			isa = XCConfigurationList;
			buildConfigurations = (
				B30415172ABC25D200067863 /* Debug */,
				B30415182ABC25D200067863 /* Release */,
			);
			defaultConfigurationIsVisible = 0;
			defaultConfigurationName = Release;
		};
		B30415192ABC25D200067863 /* Build configuration list for PBXNativeTarget "APITestCasesUITests" */ = {
			isa = XCConfigurationList;
			buildConfigurations = (
				B304151A2ABC25D200067863 /* Debug */,
				B304151B2ABC25D200067863 /* Release */,
			);
			defaultConfigurationIsVisible = 0;
			defaultConfigurationName = Release;
		};
/* End XCConfigurationList section */
	};
	rootObject = B30414E12ABC25CB00067863 /* Project object */;
}
