// !$*UTF8*$!
{
	archiveVersion = 1;
	classes = {
	};
	objectVersion = 55;
	objects = {

/* Begin PBXBuildFile section */
		B38620BE2AD3ED6B00FB95D0 /* AppDelegate.swift in Sources */ = {isa = PBXBuildFile; fileRef = B38620BD2AD3ED6B00FB95D0 /* AppDelegate.swift */; };
		B38620C02AD3ED6B00FB95D0 /* SceneDelegate.swift in Sources */ = {isa = PBXBuildFile; fileRef = B38620BF2AD3ED6B00FB95D0 /* SceneDelegate.swift */; };
		B38620C22AD3ED6B00FB95D0 /* ViewController.swift in Sources */ = {isa = PBXBuildFile; fileRef = B38620C12AD3ED6B00FB95D0 /* ViewController.swift */; };
		B38620C52AD3ED6B00FB95D0 /* Main.storyboard in Resources */ = {isa = PBXBuildFile; fileRef = B38620C32AD3ED6B00FB95D0 /* Main.storyboard */; };
		B38620C72AD3ED7500FB95D0 /* Assets.xcassets in Resources */ = {isa = PBXBuildFile; fileRef = B38620C62AD3ED7500FB95D0 /* Assets.xcassets */; };
		B38620CA2AD3ED7500FB95D0 /* LaunchScreen.storyboard in Resources */ = {isa = PBXBuildFile; fileRef = B38620C82AD3ED7500FB95D0 /* LaunchScreen.storyboard */; };
		B38620D52AD3ED7600FB95D0 /* NewBlankUIKitTests.swift in Sources */ = {isa = PBXBuildFile; fileRef = B38620D42AD3ED7600FB95D0 /* NewBlankUIKitTests.swift */; };
		B38620DF2AD3ED7600FB95D0 /* NewBlankUIKitUITests.swift in Sources */ = {isa = PBXBuildFile; fileRef = B38620DE2AD3ED7600FB95D0 /* NewBlankUIKitUITests.swift */; };
		B38620E12AD3ED7600FB95D0 /* NewBlankUIKitUITestsLaunchTests.swift in Sources */ = {isa = PBXBuildFile; fileRef = B38620E02AD3ED7600FB95D0 /* NewBlankUIKitUITestsLaunchTests.swift */; };
/* End PBXBuildFile section */

/* Begin PBXContainerItemProxy section */
		B38620D12AD3ED7600FB95D0 /* PBXContainerItemProxy */ = {
			isa = PBXContainerItemProxy;
			containerPortal = B38620B22AD3ED6B00FB95D0 /* Project object */;
			proxyType = 1;
			remoteGlobalIDString = B38620B92AD3ED6B00FB95D0;
			remoteInfo = NewBlankUIKit;
		};
		B38620DB2AD3ED7600FB95D0 /* PBXContainerItemProxy */ = {
			isa = PBXContainerItemProxy;
			containerPortal = B38620B22AD3ED6B00FB95D0 /* Project object */;
			proxyType = 1;
			remoteGlobalIDString = B38620B92AD3ED6B00FB95D0;
			remoteInfo = NewBlankUIKit;
		};
/* End PBXContainerItemProxy section */

/* Begin PBXFileReference section */
		B38620BA2AD3ED6B00FB95D0 /* NewBlankUIKit.app */ = {isa = PBXFileReference; explicitFileType = wrapper.application; includeInIndex = 0; path = NewBlankUIKit.app; sourceTree = BUILT_PRODUCTS_DIR; };
		B38620BD2AD3ED6B00FB95D0 /* AppDelegate.swift */ = {isa = PBXFileReference; lastKnownFileType = sourcecode.swift; path = AppDelegate.swift; sourceTree = "<group>"; };
		B38620BF2AD3ED6B00FB95D0 /* SceneDelegate.swift */ = {isa = PBXFileReference; lastKnownFileType = sourcecode.swift; path = SceneDelegate.swift; sourceTree = "<group>"; };
		B38620C12AD3ED6B00FB95D0 /* ViewController.swift */ = {isa = PBXFileReference; lastKnownFileType = sourcecode.swift; path = ViewController.swift; sourceTree = "<group>"; };
		B38620C42AD3ED6B00FB95D0 /* Base */ = {isa = PBXFileReference; lastKnownFileType = file.storyboard; name = Base; path = Base.lproj/Main.storyboard; sourceTree = "<group>"; };
		B38620C62AD3ED7500FB95D0 /* Assets.xcassets */ = {isa = PBXFileReference; lastKnownFileType = folder.assetcatalog; path = Assets.xcassets; sourceTree = "<group>"; };
		B38620C92AD3ED7500FB95D0 /* Base */ = {isa = PBXFileReference; lastKnownFileType = file.storyboard; name = Base; path = Base.lproj/LaunchScreen.storyboard; sourceTree = "<group>"; };
		B38620CB2AD3ED7500FB95D0 /* Info.plist */ = {isa = PBXFileReference; lastKnownFileType = text.plist.xml; path = Info.plist; sourceTree = "<group>"; };
		B38620D02AD3ED7600FB95D0 /* NewBlankUIKitTests.xctest */ = {isa = PBXFileReference; explicitFileType = wrapper.cfbundle; includeInIndex = 0; path = NewBlankUIKitTests.xctest; sourceTree = BUILT_PRODUCTS_DIR; };
		B38620D42AD3ED7600FB95D0 /* NewBlankUIKitTests.swift */ = {isa = PBXFileReference; lastKnownFileType = sourcecode.swift; path = NewBlankUIKitTests.swift; sourceTree = "<group>"; };
		B38620DA2AD3ED7600FB95D0 /* NewBlankUIKitUITests.xctest */ = {isa = PBXFileReference; explicitFileType = wrapper.cfbundle; includeInIndex = 0; path = NewBlankUIKitUITests.xctest; sourceTree = BUILT_PRODUCTS_DIR; };
		B38620DE2AD3ED7600FB95D0 /* NewBlankUIKitUITests.swift */ = {isa = PBXFileReference; lastKnownFileType = sourcecode.swift; path = NewBlankUIKitUITests.swift; sourceTree = "<group>"; };
		B38620E02AD3ED7600FB95D0 /* NewBlankUIKitUITestsLaunchTests.swift */ = {isa = PBXFileReference; lastKnownFileType = sourcecode.swift; path = NewBlankUIKitUITestsLaunchTests.swift; sourceTree = "<group>"; };
/* End PBXFileReference section */

/* Begin PBXFrameworksBuildPhase section */
		B38620B72AD3ED6B00FB95D0 /* Frameworks */ = {
			isa = PBXFrameworksBuildPhase;
			buildActionMask = 2147483647;
			files = (
			);
			runOnlyForDeploymentPostprocessing = 0;
		};
		B38620CD2AD3ED7600FB95D0 /* Frameworks */ = {
			isa = PBXFrameworksBuildPhase;
			buildActionMask = 2147483647;
			files = (
			);
			runOnlyForDeploymentPostprocessing = 0;
		};
		B38620D72AD3ED7600FB95D0 /* Frameworks */ = {
			isa = PBXFrameworksBuildPhase;
			buildActionMask = 2147483647;
			files = (
			);
			runOnlyForDeploymentPostprocessing = 0;
		};
/* End PBXFrameworksBuildPhase section */

/* Begin PBXGroup section */
		B38620B12AD3ED6B00FB95D0 = {
			isa = PBXGroup;
			children = (
				B38620BC2AD3ED6B00FB95D0 /* NewBlankUIKit */,
				B38620D32AD3ED7600FB95D0 /* NewBlankUIKitTests */,
				B38620DD2AD3ED7600FB95D0 /* NewBlankUIKitUITests */,
				B38620BB2AD3ED6B00FB95D0 /* Products */,
			);
			sourceTree = "<group>";
		};
		B38620BB2AD3ED6B00FB95D0 /* Products */ = {
			isa = PBXGroup;
			children = (
				B38620BA2AD3ED6B00FB95D0 /* NewBlankUIKit.app */,
				B38620D02AD3ED7600FB95D0 /* NewBlankUIKitTests.xctest */,
				B38620DA2AD3ED7600FB95D0 /* NewBlankUIKitUITests.xctest */,
			);
			name = Products;
			sourceTree = "<group>";
		};
		B38620BC2AD3ED6B00FB95D0 /* NewBlankUIKit */ = {
			isa = PBXGroup;
			children = (
				B38620BD2AD3ED6B00FB95D0 /* AppDelegate.swift */,
				B38620BF2AD3ED6B00FB95D0 /* SceneDelegate.swift */,
				B38620C12AD3ED6B00FB95D0 /* ViewController.swift */,
				B38620C32AD3ED6B00FB95D0 /* Main.storyboard */,
				B38620C62AD3ED7500FB95D0 /* Assets.xcassets */,
				B38620C82AD3ED7500FB95D0 /* LaunchScreen.storyboard */,
				B38620CB2AD3ED7500FB95D0 /* Info.plist */,
			);
			path = NewBlankUIKit;
			sourceTree = "<group>";
		};
		B38620D32AD3ED7600FB95D0 /* NewBlankUIKitTests */ = {
			isa = PBXGroup;
			children = (
				B38620D42AD3ED7600FB95D0 /* NewBlankUIKitTests.swift */,
			);
			path = NewBlankUIKitTests;
			sourceTree = "<group>";
		};
		B38620DD2AD3ED7600FB95D0 /* NewBlankUIKitUITests */ = {
			isa = PBXGroup;
			children = (
				B38620DE2AD3ED7600FB95D0 /* NewBlankUIKitUITests.swift */,
				B38620E02AD3ED7600FB95D0 /* NewBlankUIKitUITestsLaunchTests.swift */,
			);
			path = NewBlankUIKitUITests;
			sourceTree = "<group>";
		};
/* End PBXGroup section */

/* Begin PBXNativeTarget section */
		B38620B92AD3ED6B00FB95D0 /* NewBlankUIKit */ = {
			isa = PBXNativeTarget;
			buildConfigurationList = B38620E42AD3ED7600FB95D0 /* Build configuration list for PBXNativeTarget "NewBlankUIKit" */;
			buildPhases = (
				B38620B62AD3ED6B00FB95D0 /* Sources */,
				B38620B72AD3ED6B00FB95D0 /* Frameworks */,
				B38620B82AD3ED6B00FB95D0 /* Resources */,
			);
			buildRules = (
			);
			dependencies = (
			);
			name = NewBlankUIKit;
			productName = NewBlankUIKit;
			productReference = B38620BA2AD3ED6B00FB95D0 /* NewBlankUIKit.app */;
			productType = "com.apple.product-type.application";
		};
		B38620CF2AD3ED7600FB95D0 /* NewBlankUIKitTests */ = {
			isa = PBXNativeTarget;
			buildConfigurationList = B38620E72AD3ED7600FB95D0 /* Build configuration list for PBXNativeTarget "NewBlankUIKitTests" */;
			buildPhases = (
				B38620CC2AD3ED7600FB95D0 /* Sources */,
				B38620CD2AD3ED7600FB95D0 /* Frameworks */,
				B38620CE2AD3ED7600FB95D0 /* Resources */,
			);
			buildRules = (
			);
			dependencies = (
				B38620D22AD3ED7600FB95D0 /* PBXTargetDependency */,
			);
			name = NewBlankUIKitTests;
			productName = NewBlankUIKitTests;
			productReference = B38620D02AD3ED7600FB95D0 /* NewBlankUIKitTests.xctest */;
			productType = "com.apple.product-type.bundle.unit-test";
		};
		B38620D92AD3ED7600FB95D0 /* NewBlankUIKitUITests */ = {
			isa = PBXNativeTarget;
			buildConfigurationList = B38620EA2AD3ED7600FB95D0 /* Build configuration list for PBXNativeTarget "NewBlankUIKitUITests" */;
			buildPhases = (
				B38620D62AD3ED7600FB95D0 /* Sources */,
				B38620D72AD3ED7600FB95D0 /* Frameworks */,
				B38620D82AD3ED7600FB95D0 /* Resources */,
			);
			buildRules = (
			);
			dependencies = (
				B38620DC2AD3ED7600FB95D0 /* PBXTargetDependency */,
			);
			name = NewBlankUIKitUITests;
			productName = NewBlankUIKitUITests;
			productReference = B38620DA2AD3ED7600FB95D0 /* NewBlankUIKitUITests.xctest */;
			productType = "com.apple.product-type.bundle.ui-testing";
		};
/* End PBXNativeTarget section */

/* Begin PBXProject section */
		B38620B22AD3ED6B00FB95D0 /* Project object */ = {
			isa = PBXProject;
			attributes = {
				BuildIndependentTargetsInParallel = 1;
				LastSwiftUpdateCheck = 1320;
				LastUpgradeCheck = 1320;
				TargetAttributes = {
					B38620B92AD3ED6B00FB95D0 = {
						CreatedOnToolsVersion = 13.2.1;
					};
					B38620CF2AD3ED7600FB95D0 = {
						CreatedOnToolsVersion = 13.2.1;
						TestTargetID = B38620B92AD3ED6B00FB95D0;
					};
					B38620D92AD3ED7600FB95D0 = {
						CreatedOnToolsVersion = 13.2.1;
						TestTargetID = B38620B92AD3ED6B00FB95D0;
					};
				};
			};
			buildConfigurationList = B38620B52AD3ED6B00FB95D0 /* Build configuration list for PBXProject "NewBlankUIKit" */;
			compatibilityVersion = "Xcode 13.0";
			developmentRegion = en;
			hasScannedForEncodings = 0;
			knownRegions = (
				en,
				Base,
			);
			mainGroup = B38620B12AD3ED6B00FB95D0;
			productRefGroup = B38620BB2AD3ED6B00FB95D0 /* Products */;
			projectDirPath = "";
			projectRoot = "";
			targets = (
				B38620B92AD3ED6B00FB95D0 /* NewBlankUIKit */,
				B38620CF2AD3ED7600FB95D0 /* NewBlankUIKitTests */,
				B38620D92AD3ED7600FB95D0 /* NewBlankUIKitUITests */,
			);
		};
/* End PBXProject section */

/* Begin PBXResourcesBuildPhase section */
		B38620B82AD3ED6B00FB95D0 /* Resources */ = {
			isa = PBXResourcesBuildPhase;
			buildActionMask = 2147483647;
			files = (
				B38620CA2AD3ED7500FB95D0 /* LaunchScreen.storyboard in Resources */,
				B38620C72AD3ED7500FB95D0 /* Assets.xcassets in Resources */,
				B38620C52AD3ED6B00FB95D0 /* Main.storyboard in Resources */,
			);
			runOnlyForDeploymentPostprocessing = 0;
		};
		B38620CE2AD3ED7600FB95D0 /* Resources */ = {
			isa = PBXResourcesBuildPhase;
			buildActionMask = 2147483647;
			files = (
			);
			runOnlyForDeploymentPostprocessing = 0;
		};
		B38620D82AD3ED7600FB95D0 /* Resources */ = {
			isa = PBXResourcesBuildPhase;
			buildActionMask = 2147483647;
			files = (
			);
			runOnlyForDeploymentPostprocessing = 0;
		};
/* End PBXResourcesBuildPhase section */

/* Begin PBXSourcesBuildPhase section */
		B38620B62AD3ED6B00FB95D0 /* Sources */ = {
			isa = PBXSourcesBuildPhase;
			buildActionMask = 2147483647;
			files = (
				B38620C22AD3ED6B00FB95D0 /* ViewController.swift in Sources */,
				B38620BE2AD3ED6B00FB95D0 /* AppDelegate.swift in Sources */,
				B38620C02AD3ED6B00FB95D0 /* SceneDelegate.swift in Sources */,
			);
			runOnlyForDeploymentPostprocessing = 0;
		};
		B38620CC2AD3ED7600FB95D0 /* Sources */ = {
			isa = PBXSourcesBuildPhase;
			buildActionMask = 2147483647;
			files = (
				B38620D52AD3ED7600FB95D0 /* NewBlankUIKitTests.swift in Sources */,
			);
			runOnlyForDeploymentPostprocessing = 0;
		};
		B38620D62AD3ED7600FB95D0 /* Sources */ = {
			isa = PBXSourcesBuildPhase;
			buildActionMask = 2147483647;
			files = (
				B38620DF2AD3ED7600FB95D0 /* NewBlankUIKitUITests.swift in Sources */,
				B38620E12AD3ED7600FB95D0 /* NewBlankUIKitUITestsLaunchTests.swift in Sources */,
			);
			runOnlyForDeploymentPostprocessing = 0;
		};
/* End PBXSourcesBuildPhase section */

/* Begin PBXTargetDependency section */
		B38620D22AD3ED7600FB95D0 /* PBXTargetDependency */ = {
			isa = PBXTargetDependency;
			target = B38620B92AD3ED6B00FB95D0 /* NewBlankUIKit */;
			targetProxy = B38620D12AD3ED7600FB95D0 /* PBXContainerItemProxy */;
		};
		B38620DC2AD3ED7600FB95D0 /* PBXTargetDependency */ = {
			isa = PBXTargetDependency;
			target = B38620B92AD3ED6B00FB95D0 /* NewBlankUIKit */;
			targetProxy = B38620DB2AD3ED7600FB95D0 /* PBXContainerItemProxy */;
		};
/* End PBXTargetDependency section */

/* Begin PBXVariantGroup section */
		B38620C32AD3ED6B00FB95D0 /* Main.storyboard */ = {
			isa = PBXVariantGroup;
			children = (
				B38620C42AD3ED6B00FB95D0 /* Base */,
			);
			name = Main.storyboard;
			sourceTree = "<group>";
		};
		B38620C82AD3ED7500FB95D0 /* LaunchScreen.storyboard */ = {
			isa = PBXVariantGroup;
			children = (
				B38620C92AD3ED7500FB95D0 /* Base */,
			);
			name = LaunchScreen.storyboard;
			sourceTree = "<group>";
		};
/* End PBXVariantGroup section */

/* Begin XCBuildConfiguration section */
		B38620E22AD3ED7600FB95D0 /* Debug */ = {
			isa = XCBuildConfiguration;
			buildSettings = {
				ALWAYS_SEARCH_USER_PATHS = NO;
				CLANG_ANALYZER_NONNULL = YES;
				CLANG_ANALYZER_NUMBER_OBJECT_CONVERSION = YES_AGGRESSIVE;
				CLANG_CXX_LANGUAGE_STANDARD = "gnu++17";
				CLANG_CXX_LIBRARY = "libc++";
				CLANG_ENABLE_MODULES = YES;
				CLANG_ENABLE_OBJC_ARC = YES;
				CLANG_ENABLE_OBJC_WEAK = YES;
				CLANG_WARN_BLOCK_CAPTURE_AUTORELEASING = YES;
				CLANG_WARN_BOOL_CONVERSION = YES;
				CLANG_WARN_COMMA = YES;
				CLANG_WARN_CONSTANT_CONVERSION = YES;
				CLANG_WARN_DEPRECATED_OBJC_IMPLEMENTATIONS = YES;
				CLANG_WARN_DIRECT_OBJC_ISA_USAGE = YES_ERROR;
				CLANG_WARN_DOCUMENTATION_COMMENTS = YES;
				CLANG_WARN_EMPTY_BODY = YES;
				CLANG_WARN_ENUM_CONVERSION = YES;
				CLANG_WARN_INFINITE_RECURSION = YES;
				CLANG_WARN_INT_CONVERSION = YES;
				CLANG_WARN_NON_LITERAL_NULL_CONVERSION = YES;
				CLANG_WARN_OBJC_IMPLICIT_RETAIN_SELF = YES;
				CLANG_WARN_OBJC_LITERAL_CONVERSION = YES;
				CLANG_WARN_OBJC_ROOT_CLASS = YES_ERROR;
				CLANG_WARN_QUOTED_INCLUDE_IN_FRAMEWORK_HEADER = YES;
				CLANG_WARN_RANGE_LOOP_ANALYSIS = YES;
				CLANG_WARN_STRICT_PROTOTYPES = YES;
				CLANG_WARN_SUSPICIOUS_MOVE = YES;
				CLANG_WARN_UNGUARDED_AVAILABILITY = YES_AGGRESSIVE;
				CLANG_WARN_UNREACHABLE_CODE = YES;
				CLANG_WARN__DUPLICATE_METHOD_MATCH = YES;
				COPY_PHASE_STRIP = NO;
				DEBUG_INFORMATION_FORMAT = dwarf;
				ENABLE_STRICT_OBJC_MSGSEND = YES;
				ENABLE_TESTABILITY = YES;
				GCC_C_LANGUAGE_STANDARD = gnu11;
				GCC_DYNAMIC_NO_PIC = NO;
				GCC_NO_COMMON_BLOCKS = YES;
				GCC_OPTIMIZATION_LEVEL = 0;
				GCC_PREPROCESSOR_DEFINITIONS = (
					"DEBUG=1",
					"$(inherited)",
				);
				GCC_WARN_64_TO_32_BIT_CONVERSION = YES;
				GCC_WARN_ABOUT_RETURN_TYPE = YES_ERROR;
				GCC_WARN_UNDECLARED_SELECTOR = YES;
				GCC_WARN_UNINITIALIZED_AUTOS = YES_AGGRESSIVE;
				GCC_WARN_UNUSED_FUNCTION = YES;
				GCC_WARN_UNUSED_VARIABLE = YES;
				IPHONEOS_DEPLOYMENT_TARGET = 15.2;
				MTL_ENABLE_DEBUG_INFO = INCLUDE_SOURCE;
				MTL_FAST_MATH = YES;
				ONLY_ACTIVE_ARCH = YES;
				SDKROOT = iphoneos;
				SWIFT_ACTIVE_COMPILATION_CONDITIONS = DEBUG;
				SWIFT_OPTIMIZATION_LEVEL = "-Onone";
			};
			name = Debug;
		};
		B38620E32AD3ED7600FB95D0 /* Release */ = {
			isa = XCBuildConfiguration;
			buildSettings = {
				ALWAYS_SEARCH_USER_PATHS = NO;
				CLANG_ANALYZER_NONNULL = YES;
				CLANG_ANALYZER_NUMBER_OBJECT_CONVERSION = YES_AGGRESSIVE;
				CLANG_CXX_LANGUAGE_STANDARD = "gnu++17";
				CLANG_CXX_LIBRARY = "libc++";
				CLANG_ENABLE_MODULES = YES;
				CLANG_ENABLE_OBJC_ARC = YES;
				CLANG_ENABLE_OBJC_WEAK = YES;
				CLANG_WARN_BLOCK_CAPTURE_AUTORELEASING = YES;
				CLANG_WARN_BOOL_CONVERSION = YES;
				CLANG_WARN_COMMA = YES;
				CLANG_WARN_CONSTANT_CONVERSION = YES;
				CLANG_WARN_DEPRECATED_OBJC_IMPLEMENTATIONS = YES;
				CLANG_WARN_DIRECT_OBJC_ISA_USAGE = YES_ERROR;
				CLANG_WARN_DOCUMENTATION_COMMENTS = YES;
				CLANG_WARN_EMPTY_BODY = YES;
				CLANG_WARN_ENUM_CONVERSION = YES;
				CLANG_WARN_INFINITE_RECURSION = YES;
				CLANG_WARN_INT_CONVERSION = YES;
				CLANG_WARN_NON_LITERAL_NULL_CONVERSION = YES;
				CLANG_WARN_OBJC_IMPLICIT_RETAIN_SELF = YES;
				CLANG_WARN_OBJC_LITERAL_CONVERSION = YES;
				CLANG_WARN_OBJC_ROOT_CLASS = YES_ERROR;
				CLANG_WARN_QUOTED_INCLUDE_IN_FRAMEWORK_HEADER = YES;
				CLANG_WARN_RANGE_LOOP_ANALYSIS = YES;
				CLANG_WARN_STRICT_PROTOTYPES = YES;
				CLANG_WARN_SUSPICIOUS_MOVE = YES;
				CLANG_WARN_UNGUARDED_AVAILABILITY = YES_AGGRESSIVE;
				CLANG_WARN_UNREACHABLE_CODE = YES;
				CLANG_WARN__DUPLICATE_METHOD_MATCH = YES;
				COPY_PHASE_STRIP = NO;
				DEBUG_INFORMATION_FORMAT = "dwarf-with-dsym";
				ENABLE_NS_ASSERTIONS = NO;
				ENABLE_STRICT_OBJC_MSGSEND = YES;
				GCC_C_LANGUAGE_STANDARD = gnu11;
				GCC_NO_COMMON_BLOCKS = YES;
				GCC_WARN_64_TO_32_BIT_CONVERSION = YES;
				GCC_WARN_ABOUT_RETURN_TYPE = YES_ERROR;
				GCC_WARN_UNDECLARED_SELECTOR = YES;
				GCC_WARN_UNINITIALIZED_AUTOS = YES_AGGRESSIVE;
				GCC_WARN_UNUSED_FUNCTION = YES;
				GCC_WARN_UNUSED_VARIABLE = YES;
				IPHONEOS_DEPLOYMENT_TARGET = 15.2;
				MTL_ENABLE_DEBUG_INFO = NO;
				MTL_FAST_MATH = YES;
				SDKROOT = iphoneos;
				SWIFT_COMPILATION_MODE = wholemodule;
				SWIFT_OPTIMIZATION_LEVEL = "-O";
				VALIDATE_PRODUCT = YES;
			};
			name = Release;
		};
		B38620E52AD3ED7600FB95D0 /* Debug */ = {
			isa = XCBuildConfiguration;
			buildSettings = {
				ASSETCATALOG_COMPILER_APPICON_NAME = AppIcon;
				ASSETCATALOG_COMPILER_GLOBAL_ACCENT_COLOR_NAME = AccentColor;
				CODE_SIGN_STYLE = Automatic;
				CURRENT_PROJECT_VERSION = 1;
				GENERATE_INFOPLIST_FILE = YES;
				INFOPLIST_FILE = NewBlankUIKit/Info.plist;
				INFOPLIST_KEY_UIApplicationSupportsIndirectInputEvents = YES;
				INFOPLIST_KEY_UILaunchStoryboardName = LaunchScreen;
				INFOPLIST_KEY_UIMainStoryboardFile = Main;
				INFOPLIST_KEY_UISupportedInterfaceOrientations_iPad = "UIInterfaceOrientationPortrait UIInterfaceOrientationPortraitUpsideDown UIInterfaceOrientationLandscapeLeft UIInterfaceOrientationLandscapeRight";
				INFOPLIST_KEY_UISupportedInterfaceOrientations_iPhone = "UIInterfaceOrientationPortrait UIInterfaceOrientationLandscapeLeft UIInterfaceOrientationLandscapeRight";
				LD_RUNPATH_SEARCH_PATHS = (
					"$(inherited)",
					"@executable_path/Frameworks",
				);
				MARKETING_VERSION = 1.0;
				PRODUCT_BUNDLE_IDENTIFIER = makemycoolApp.NewBlankUIKit;
				PRODUCT_NAME = "$(TARGET_NAME)";
				SWIFT_EMIT_LOC_STRINGS = YES;
				SWIFT_VERSION = 5.0;
				TARGETED_DEVICE_FAMILY = "1,2";
			};
			name = Debug;
		};
		B38620E62AD3ED7600FB95D0 /* Release */ = {
			isa = XCBuildConfiguration;
			buildSettings = {
				ASSETCATALOG_COMPILER_APPICON_NAME = AppIcon;
				ASSETCATALOG_COMPILER_GLOBAL_ACCENT_COLOR_NAME = AccentColor;
				CODE_SIGN_STYLE = Automatic;
				CURRENT_PROJECT_VERSION = 1;
				GENERATE_INFOPLIST_FILE = YES;
				INFOPLIST_FILE = NewBlankUIKit/Info.plist;
				INFOPLIST_KEY_UIApplicationSupportsIndirectInputEvents = YES;
				INFOPLIST_KEY_UILaunchStoryboardName = LaunchScreen;
				INFOPLIST_KEY_UIMainStoryboardFile = Main;
				INFOPLIST_KEY_UISupportedInterfaceOrientations_iPad = "UIInterfaceOrientationPortrait UIInterfaceOrientationPortraitUpsideDown UIInterfaceOrientationLandscapeLeft UIInterfaceOrientationLandscapeRight";
				INFOPLIST_KEY_UISupportedInterfaceOrientations_iPhone = "UIInterfaceOrientationPortrait UIInterfaceOrientationLandscapeLeft UIInterfaceOrientationLandscapeRight";
				LD_RUNPATH_SEARCH_PATHS = (
					"$(inherited)",
					"@executable_path/Frameworks",
				);
				MARKETING_VERSION = 1.0;
				PRODUCT_BUNDLE_IDENTIFIER = makemycoolApp.NewBlankUIKit;
				PRODUCT_NAME = "$(TARGET_NAME)";
				SWIFT_EMIT_LOC_STRINGS = YES;
				SWIFT_VERSION = 5.0;
				TARGETED_DEVICE_FAMILY = "1,2";
			};
			name = Release;
		};
		B38620E82AD3ED7600FB95D0 /* Debug */ = {
			isa = XCBuildConfiguration;
			buildSettings = {
				ALWAYS_EMBED_SWIFT_STANDARD_LIBRARIES = YES;
				BUNDLE_LOADER = "$(TEST_HOST)";
				CODE_SIGN_STYLE = Automatic;
				CURRENT_PROJECT_VERSION = 1;
				GENERATE_INFOPLIST_FILE = YES;
				IPHONEOS_DEPLOYMENT_TARGET = 15.2;
				MARKETING_VERSION = 1.0;
				PRODUCT_BUNDLE_IDENTIFIER = makemycoolApp.NewBlankUIKitTests;
				PRODUCT_NAME = "$(TARGET_NAME)";
				SWIFT_EMIT_LOC_STRINGS = NO;
				SWIFT_VERSION = 5.0;
				TARGETED_DEVICE_FAMILY = "1,2";
				TEST_HOST = "$(BUILT_PRODUCTS_DIR)/NewBlankUIKit.app/NewBlankUIKit";
			};
			name = Debug;
		};
		B38620E92AD3ED7600FB95D0 /* Release */ = {
			isa = XCBuildConfiguration;
			buildSettings = {
				ALWAYS_EMBED_SWIFT_STANDARD_LIBRARIES = YES;
				BUNDLE_LOADER = "$(TEST_HOST)";
				CODE_SIGN_STYLE = Automatic;
				CURRENT_PROJECT_VERSION = 1;
				GENERATE_INFOPLIST_FILE = YES;
				IPHONEOS_DEPLOYMENT_TARGET = 15.2;
				MARKETING_VERSION = 1.0;
				PRODUCT_BUNDLE_IDENTIFIER = makemycoolApp.NewBlankUIKitTests;
				PRODUCT_NAME = "$(TARGET_NAME)";
				SWIFT_EMIT_LOC_STRINGS = NO;
				SWIFT_VERSION = 5.0;
				TARGETED_DEVICE_FAMILY = "1,2";
				TEST_HOST = "$(BUILT_PRODUCTS_DIR)/NewBlankUIKit.app/NewBlankUIKit";
			};
			name = Release;
		};
		B38620EB2AD3ED7600FB95D0 /* Debug */ = {
			isa = XCBuildConfiguration;
			buildSettings = {
				ALWAYS_EMBED_SWIFT_STANDARD_LIBRARIES = YES;
				CODE_SIGN_STYLE = Automatic;
				CURRENT_PROJECT_VERSION = 1;
				GENERATE_INFOPLIST_FILE = YES;
				MARKETING_VERSION = 1.0;
				PRODUCT_BUNDLE_IDENTIFIER = makemycoolApp.NewBlankUIKitUITests;
				PRODUCT_NAME = "$(TARGET_NAME)";
				SWIFT_EMIT_LOC_STRINGS = NO;
				SWIFT_VERSION = 5.0;
				TARGETED_DEVICE_FAMILY = "1,2";
				TEST_TARGET_NAME = NewBlankUIKit;
			};
			name = Debug;
		};
		B38620EC2AD3ED7600FB95D0 /* Release */ = {
			isa = XCBuildConfiguration;
			buildSettings = {
				ALWAYS_EMBED_SWIFT_STANDARD_LIBRARIES = YES;
				CODE_SIGN_STYLE = Automatic;
				CURRENT_PROJECT_VERSION = 1;
				GENERATE_INFOPLIST_FILE = YES;
				MARKETING_VERSION = 1.0;
				PRODUCT_BUNDLE_IDENTIFIER = makemycoolApp.NewBlankUIKitUITests;
				PRODUCT_NAME = "$(TARGET_NAME)";
				SWIFT_EMIT_LOC_STRINGS = NO;
				SWIFT_VERSION = 5.0;
				TARGETED_DEVICE_FAMILY = "1,2";
				TEST_TARGET_NAME = NewBlankUIKit;
			};
			name = Release;
		};
/* End XCBuildConfiguration section */

/* Begin XCConfigurationList section */
		B38620B52AD3ED6B00FB95D0 /* Build configuration list for PBXProject "NewBlankUIKit" */ = {
			isa = XCConfigurationList;
			buildConfigurations = (
				B38620E22AD3ED7600FB95D0 /* Debug */,
				B38620E32AD3ED7600FB95D0 /* Release */,
			);
			defaultConfigurationIsVisible = 0;
			defaultConfigurationName = Release;
		};
		B38620E42AD3ED7600FB95D0 /* Build configuration list for PBXNativeTarget "NewBlankUIKit" */ = {
			isa = XCConfigurationList;
			buildConfigurations = (
				B38620E52AD3ED7600FB95D0 /* Debug */,
				B38620E62AD3ED7600FB95D0 /* Release */,
			);
			defaultConfigurationIsVisible = 0;
			defaultConfigurationName = Release;
		};
		B38620E72AD3ED7600FB95D0 /* Build configuration list for PBXNativeTarget "NewBlankUIKitTests" */ = {
			isa = XCConfigurationList;
			buildConfigurations = (
				B38620E82AD3ED7600FB95D0 /* Debug */,
				B38620E92AD3ED7600FB95D0 /* Release */,
			);
			defaultConfigurationIsVisible = 0;
			defaultConfigurationName = Release;
		};
		B38620EA2AD3ED7600FB95D0 /* Build configuration list for PBXNativeTarget "NewBlankUIKitUITests" */ = {
			isa = XCConfigurationList;
			buildConfigurations = (
				B38620EB2AD3ED7600FB95D0 /* Debug */,
				B38620EC2AD3ED7600FB95D0 /* Release */,
			);
			defaultConfigurationIsVisible = 0;
			defaultConfigurationName = Release;
		};
/* End XCConfigurationList section */
	};
	rootObject = B38620B22AD3ED6B00FB95D0 /* Project object */;
}
