// !$*UTF8*$!
{
	archiveVersion = 1;
	classes = {
	};
	objectVersion = 55;
	objects = {

/* Begin PBXBuildFile section */
		B373F07F2AFBE9BA00557E79 /* AppDelegate.swift in Sources */ = {isa = PBXBuildFile; fileRef = B373F07E2AFBE9BA00557E79 /* AppDelegate.swift */; };
		B373F0812AFBE9BA00557E79 /* SceneDelegate.swift in Sources */ = {isa = PBXBuildFile; fileRef = B373F0802AFBE9BA00557E79 /* SceneDelegate.swift */; };
		B373F0832AFBE9BA00557E79 /* ViewController.swift in Sources */ = {isa = PBXBuildFile; fileRef = B373F0822AFBE9BA00557E79 /* ViewController.swift */; };
		B373F0862AFBE9BA00557E79 /* Main.storyboard in Resources */ = {isa = PBXBuildFile; fileRef = B373F0842AFBE9BA00557E79 /* Main.storyboard */; };
		B373F0882AFBE9BD00557E79 /* Assets.xcassets in Resources */ = {isa = PBXBuildFile; fileRef = B373F0872AFBE9BD00557E79 /* Assets.xcassets */; };
		B373F08B2AFBE9BD00557E79 /* LaunchScreen.storyboard in Resources */ = {isa = PBXBuildFile; fileRef = B373F0892AFBE9BD00557E79 /* LaunchScreen.storyboard */; };
		B373F0962AFBE9BD00557E79 /* ChatGPTLatestTests.swift in Sources */ = {isa = PBXBuildFile; fileRef = B373F0952AFBE9BD00557E79 /* ChatGPTLatestTests.swift */; };
		B373F0A02AFBE9BD00557E79 /* ChatGPTLatestUITests.swift in Sources */ = {isa = PBXBuildFile; fileRef = B373F09F2AFBE9BD00557E79 /* ChatGPTLatestUITests.swift */; };
		B373F0A22AFBE9BD00557E79 /* ChatGPTLatestUITestsLaunchTests.swift in Sources */ = {isa = PBXBuildFile; fileRef = B373F0A12AFBE9BD00557E79 /* ChatGPTLatestUITestsLaunchTests.swift */; };
		B373F0B02AFBE9F800557E79 /* OpenAISwift in Frameworks */ = {isa = PBXBuildFile; productRef = B373F0AF2AFBE9F800557E79 /* OpenAISwift */; };
/* End PBXBuildFile section */

/* Begin PBXContainerItemProxy section */
		B373F0922AFBE9BD00557E79 /* PBXContainerItemProxy */ = {
			isa = PBXContainerItemProxy;
			containerPortal = B373F0732AFBE9B900557E79 /* Project object */;
			proxyType = 1;
			remoteGlobalIDString = B373F07A2AFBE9BA00557E79;
			remoteInfo = ChatGPTLatest;
		};
		B373F09C2AFBE9BD00557E79 /* PBXContainerItemProxy */ = {
			isa = PBXContainerItemProxy;
			containerPortal = B373F0732AFBE9B900557E79 /* Project object */;
			proxyType = 1;
			remoteGlobalIDString = B373F07A2AFBE9BA00557E79;
			remoteInfo = ChatGPTLatest;
		};
/* End PBXContainerItemProxy section */

/* Begin PBXFileReference section */
		B373F07B2AFBE9BA00557E79 /* ChatGPTLatest.app */ = {isa = PBXFileReference; explicitFileType = wrapper.application; includeInIndex = 0; path = ChatGPTLatest.app; sourceTree = BUILT_PRODUCTS_DIR; };
		B373F07E2AFBE9BA00557E79 /* AppDelegate.swift */ = {isa = PBXFileReference; lastKnownFileType = sourcecode.swift; path = AppDelegate.swift; sourceTree = "<group>"; };
		B373F0802AFBE9BA00557E79 /* SceneDelegate.swift */ = {isa = PBXFileReference; lastKnownFileType = sourcecode.swift; path = SceneDelegate.swift; sourceTree = "<group>"; };
		B373F0822AFBE9BA00557E79 /* ViewController.swift */ = {isa = PBXFileReference; lastKnownFileType = sourcecode.swift; path = ViewController.swift; sourceTree = "<group>"; };
		B373F0852AFBE9BA00557E79 /* Base */ = {isa = PBXFileReference; lastKnownFileType = file.storyboard; name = Base; path = Base.lproj/Main.storyboard; sourceTree = "<group>"; };
		B373F0872AFBE9BD00557E79 /* Assets.xcassets */ = {isa = PBXFileReference; lastKnownFileType = folder.assetcatalog; path = Assets.xcassets; sourceTree = "<group>"; };
		B373F08A2AFBE9BD00557E79 /* Base */ = {isa = PBXFileReference; lastKnownFileType = file.storyboard; name = Base; path = Base.lproj/LaunchScreen.storyboard; sourceTree = "<group>"; };
		B373F08C2AFBE9BD00557E79 /* Info.plist */ = {isa = PBXFileReference; lastKnownFileType = text.plist.xml; path = Info.plist; sourceTree = "<group>"; };
		B373F0912AFBE9BD00557E79 /* ChatGPTLatestTests.xctest */ = {isa = PBXFileReference; explicitFileType = wrapper.cfbundle; includeInIndex = 0; path = ChatGPTLatestTests.xctest; sourceTree = BUILT_PRODUCTS_DIR; };
		B373F0952AFBE9BD00557E79 /* ChatGPTLatestTests.swift */ = {isa = PBXFileReference; lastKnownFileType = sourcecode.swift; path = ChatGPTLatestTests.swift; sourceTree = "<group>"; };
		B373F09B2AFBE9BD00557E79 /* ChatGPTLatestUITests.xctest */ = {isa = PBXFileReference; explicitFileType = wrapper.cfbundle; includeInIndex = 0; path = ChatGPTLatestUITests.xctest; sourceTree = BUILT_PRODUCTS_DIR; };
		B373F09F2AFBE9BD00557E79 /* ChatGPTLatestUITests.swift */ = {isa = PBXFileReference; lastKnownFileType = sourcecode.swift; path = ChatGPTLatestUITests.swift; sourceTree = "<group>"; };
		B373F0A12AFBE9BD00557E79 /* ChatGPTLatestUITestsLaunchTests.swift */ = {isa = PBXFileReference; lastKnownFileType = sourcecode.swift; path = ChatGPTLatestUITestsLaunchTests.swift; sourceTree = "<group>"; };
/* End PBXFileReference section */

/* Begin PBXFrameworksBuildPhase section */
		B373F0782AFBE9BA00557E79 /* Frameworks */ = {
			isa = PBXFrameworksBuildPhase;
			buildActionMask = 2147483647;
			files = (
				B373F0B02AFBE9F800557E79 /* OpenAISwift in Frameworks */,
			);
			runOnlyForDeploymentPostprocessing = 0;
		};
		B373F08E2AFBE9BD00557E79 /* Frameworks */ = {
			isa = PBXFrameworksBuildPhase;
			buildActionMask = 2147483647;
			files = (
			);
			runOnlyForDeploymentPostprocessing = 0;
		};
		B373F0982AFBE9BD00557E79 /* Frameworks */ = {
			isa = PBXFrameworksBuildPhase;
			buildActionMask = 2147483647;
			files = (
			);
			runOnlyForDeploymentPostprocessing = 0;
		};
/* End PBXFrameworksBuildPhase section */

/* Begin PBXGroup section */
		B373F0722AFBE9B900557E79 = {
			isa = PBXGroup;
			children = (
				B373F07D2AFBE9BA00557E79 /* ChatGPTLatest */,
				B373F0942AFBE9BD00557E79 /* ChatGPTLatestTests */,
				B373F09E2AFBE9BD00557E79 /* ChatGPTLatestUITests */,
				B373F07C2AFBE9BA00557E79 /* Products */,
			);
			sourceTree = "<group>";
		};
		B373F07C2AFBE9BA00557E79 /* Products */ = {
			isa = PBXGroup;
			children = (
				B373F07B2AFBE9BA00557E79 /* ChatGPTLatest.app */,
				B373F0912AFBE9BD00557E79 /* ChatGPTLatestTests.xctest */,
				B373F09B2AFBE9BD00557E79 /* ChatGPTLatestUITests.xctest */,
			);
			name = Products;
			sourceTree = "<group>";
		};
		B373F07D2AFBE9BA00557E79 /* ChatGPTLatest */ = {
			isa = PBXGroup;
			children = (
				B373F07E2AFBE9BA00557E79 /* AppDelegate.swift */,
				B373F0802AFBE9BA00557E79 /* SceneDelegate.swift */,
				B373F0822AFBE9BA00557E79 /* ViewController.swift */,
				B373F0842AFBE9BA00557E79 /* Main.storyboard */,
				B373F0872AFBE9BD00557E79 /* Assets.xcassets */,
				B373F0892AFBE9BD00557E79 /* LaunchScreen.storyboard */,
				B373F08C2AFBE9BD00557E79 /* Info.plist */,
			);
			path = ChatGPTLatest;
			sourceTree = "<group>";
		};
		B373F0942AFBE9BD00557E79 /* ChatGPTLatestTests */ = {
			isa = PBXGroup;
			children = (
				B373F0952AFBE9BD00557E79 /* ChatGPTLatestTests.swift */,
			);
			path = ChatGPTLatestTests;
			sourceTree = "<group>";
		};
		B373F09E2AFBE9BD00557E79 /* ChatGPTLatestUITests */ = {
			isa = PBXGroup;
			children = (
				B373F09F2AFBE9BD00557E79 /* ChatGPTLatestUITests.swift */,
				B373F0A12AFBE9BD00557E79 /* ChatGPTLatestUITestsLaunchTests.swift */,
			);
			path = ChatGPTLatestUITests;
			sourceTree = "<group>";
		};
/* End PBXGroup section */

/* Begin PBXNativeTarget section */
		B373F07A2AFBE9BA00557E79 /* ChatGPTLatest */ = {
			isa = PBXNativeTarget;
			buildConfigurationList = B373F0A52AFBE9BD00557E79 /* Build configuration list for PBXNativeTarget "ChatGPTLatest" */;
			buildPhases = (
				B373F0772AFBE9BA00557E79 /* Sources */,
				B373F0782AFBE9BA00557E79 /* Frameworks */,
				B373F0792AFBE9BA00557E79 /* Resources */,
			);
			buildRules = (
			);
			dependencies = (
			);
			name = ChatGPTLatest;
			packageProductDependencies = (
				B373F0AF2AFBE9F800557E79 /* OpenAISwift */,
			);
			productName = ChatGPTLatest;
			productReference = B373F07B2AFBE9BA00557E79 /* ChatGPTLatest.app */;
			productType = "com.apple.product-type.application";
		};
		B373F0902AFBE9BD00557E79 /* ChatGPTLatestTests */ = {
			isa = PBXNativeTarget;
			buildConfigurationList = B373F0A82AFBE9BD00557E79 /* Build configuration list for PBXNativeTarget "ChatGPTLatestTests" */;
			buildPhases = (
				B373F08D2AFBE9BD00557E79 /* Sources */,
				B373F08E2AFBE9BD00557E79 /* Frameworks */,
				B373F08F2AFBE9BD00557E79 /* Resources */,
			);
			buildRules = (
			);
			dependencies = (
				B373F0932AFBE9BD00557E79 /* PBXTargetDependency */,
			);
			name = ChatGPTLatestTests;
			productName = ChatGPTLatestTests;
			productReference = B373F0912AFBE9BD00557E79 /* ChatGPTLatestTests.xctest */;
			productType = "com.apple.product-type.bundle.unit-test";
		};
		B373F09A2AFBE9BD00557E79 /* ChatGPTLatestUITests */ = {
			isa = PBXNativeTarget;
			buildConfigurationList = B373F0AB2AFBE9BD00557E79 /* Build configuration list for PBXNativeTarget "ChatGPTLatestUITests" */;
			buildPhases = (
				B373F0972AFBE9BD00557E79 /* Sources */,
				B373F0982AFBE9BD00557E79 /* Frameworks */,
				B373F0992AFBE9BD00557E79 /* Resources */,
			);
			buildRules = (
			);
			dependencies = (
				B373F09D2AFBE9BD00557E79 /* PBXTargetDependency */,
			);
			name = ChatGPTLatestUITests;
			productName = ChatGPTLatestUITests;
			productReference = B373F09B2AFBE9BD00557E79 /* ChatGPTLatestUITests.xctest */;
			productType = "com.apple.product-type.bundle.ui-testing";
		};
/* End PBXNativeTarget section */

/* Begin PBXProject section */
		B373F0732AFBE9B900557E79 /* Project object */ = {
			isa = PBXProject;
			attributes = {
				BuildIndependentTargetsInParallel = 1;
				LastSwiftUpdateCheck = 1320;
				LastUpgradeCheck = 1320;
				TargetAttributes = {
					B373F07A2AFBE9BA00557E79 = {
						CreatedOnToolsVersion = 13.2.1;
					};
					B373F0902AFBE9BD00557E79 = {
						CreatedOnToolsVersion = 13.2.1;
						TestTargetID = B373F07A2AFBE9BA00557E79;
					};
					B373F09A2AFBE9BD00557E79 = {
						CreatedOnToolsVersion = 13.2.1;
						TestTargetID = B373F07A2AFBE9BA00557E79;
					};
				};
			};
			buildConfigurationList = B373F0762AFBE9B900557E79 /* Build configuration list for PBXProject "ChatGPTLatest" */;
			compatibilityVersion = "Xcode 13.0";
			developmentRegion = en;
			hasScannedForEncodings = 0;
			knownRegions = (
				en,
				Base,
			);
			mainGroup = B373F0722AFBE9B900557E79;
			packageReferences = (
				B373F0AE2AFBE9F800557E79 /* XCRemoteSwiftPackageReference "OpenAISwift" */,
			);
			productRefGroup = B373F07C2AFBE9BA00557E79 /* Products */;
			projectDirPath = "";
			projectRoot = "";
			targets = (
				B373F07A2AFBE9BA00557E79 /* ChatGPTLatest */,
				B373F0902AFBE9BD00557E79 /* ChatGPTLatestTests */,
				B373F09A2AFBE9BD00557E79 /* ChatGPTLatestUITests */,
			);
		};
/* End PBXProject section */

/* Begin PBXResourcesBuildPhase section */
		B373F0792AFBE9BA00557E79 /* Resources */ = {
			isa = PBXResourcesBuildPhase;
			buildActionMask = 2147483647;
			files = (
				B373F08B2AFBE9BD00557E79 /* LaunchScreen.storyboard in Resources */,
				B373F0882AFBE9BD00557E79 /* Assets.xcassets in Resources */,
				B373F0862AFBE9BA00557E79 /* Main.storyboard in Resources */,
			);
			runOnlyForDeploymentPostprocessing = 0;
		};
		B373F08F2AFBE9BD00557E79 /* Resources */ = {
			isa = PBXResourcesBuildPhase;
			buildActionMask = 2147483647;
			files = (
			);
			runOnlyForDeploymentPostprocessing = 0;
		};
		B373F0992AFBE9BD00557E79 /* Resources */ = {
			isa = PBXResourcesBuildPhase;
			buildActionMask = 2147483647;
			files = (
			);
			runOnlyForDeploymentPostprocessing = 0;
		};
/* End PBXResourcesBuildPhase section */

/* Begin PBXSourcesBuildPhase section */
		B373F0772AFBE9BA00557E79 /* Sources */ = {
			isa = PBXSourcesBuildPhase;
			buildActionMask = 2147483647;
			files = (
				B373F0832AFBE9BA00557E79 /* ViewController.swift in Sources */,
				B373F07F2AFBE9BA00557E79 /* AppDelegate.swift in Sources */,
				B373F0812AFBE9BA00557E79 /* SceneDelegate.swift in Sources */,
			);
			runOnlyForDeploymentPostprocessing = 0;
		};
		B373F08D2AFBE9BD00557E79 /* Sources */ = {
			isa = PBXSourcesBuildPhase;
			buildActionMask = 2147483647;
			files = (
				B373F0962AFBE9BD00557E79 /* ChatGPTLatestTests.swift in Sources */,
			);
			runOnlyForDeploymentPostprocessing = 0;
		};
		B373F0972AFBE9BD00557E79 /* Sources */ = {
			isa = PBXSourcesBuildPhase;
			buildActionMask = 2147483647;
			files = (
				B373F0A02AFBE9BD00557E79 /* ChatGPTLatestUITests.swift in Sources */,
				B373F0A22AFBE9BD00557E79 /* ChatGPTLatestUITestsLaunchTests.swift in Sources */,
			);
			runOnlyForDeploymentPostprocessing = 0;
		};
/* End PBXSourcesBuildPhase section */

/* Begin PBXTargetDependency section */
		B373F0932AFBE9BD00557E79 /* PBXTargetDependency */ = {
			isa = PBXTargetDependency;
			target = B373F07A2AFBE9BA00557E79 /* ChatGPTLatest */;
			targetProxy = B373F0922AFBE9BD00557E79 /* PBXContainerItemProxy */;
		};
		B373F09D2AFBE9BD00557E79 /* PBXTargetDependency */ = {
			isa = PBXTargetDependency;
			target = B373F07A2AFBE9BA00557E79 /* ChatGPTLatest */;
			targetProxy = B373F09C2AFBE9BD00557E79 /* PBXContainerItemProxy */;
		};
/* End PBXTargetDependency section */

/* Begin PBXVariantGroup section */
		B373F0842AFBE9BA00557E79 /* Main.storyboard */ = {
			isa = PBXVariantGroup;
			children = (
				B373F0852AFBE9BA00557E79 /* Base */,
			);
			name = Main.storyboard;
			sourceTree = "<group>";
		};
		B373F0892AFBE9BD00557E79 /* LaunchScreen.storyboard */ = {
			isa = PBXVariantGroup;
			children = (
				B373F08A2AFBE9BD00557E79 /* Base */,
			);
			name = LaunchScreen.storyboard;
			sourceTree = "<group>";
		};
/* End PBXVariantGroup section */

/* Begin XCBuildConfiguration section */
		B373F0A32AFBE9BD00557E79 /* Debug */ = {
			isa = XCBuildConfiguration;
			buildSettings = {
				ALWAYS_SEARCH_USER_PATHS = NO;
				CLANG_ANALYZER_NONNULL = YES;
				CLANG_ANALYZER_NUMBER_OBJECT_CONVERSION = YES_AGGRESSIVE;
				CLANG_CXX_LANGUAGE_STANDARD = "gnu++17";
				CLANG_CXX_LIBRARY = "libc++";
				CLANG_ENABLE_MODULES = YES;
				CLANG_ENABLE_OBJC_ARC = YES;
				CLANG_ENABLE_OBJC_WEAK = YES;
				CLANG_WARN_BLOCK_CAPTURE_AUTORELEASING = YES;
				CLANG_WARN_BOOL_CONVERSION = YES;
				CLANG_WARN_COMMA = YES;
				CLANG_WARN_CONSTANT_CONVERSION = YES;
				CLANG_WARN_DEPRECATED_OBJC_IMPLEMENTATIONS = YES;
				CLANG_WARN_DIRECT_OBJC_ISA_USAGE = YES_ERROR;
				CLANG_WARN_DOCUMENTATION_COMMENTS = YES;
				CLANG_WARN_EMPTY_BODY = YES;
				CLANG_WARN_ENUM_CONVERSION = YES;
				CLANG_WARN_INFINITE_RECURSION = YES;
				CLANG_WARN_INT_CONVERSION = YES;
				CLANG_WARN_NON_LITERAL_NULL_CONVERSION = YES;
				CLANG_WARN_OBJC_IMPLICIT_RETAIN_SELF = YES;
				CLANG_WARN_OBJC_LITERAL_CONVERSION = YES;
				CLANG_WARN_OBJC_ROOT_CLASS = YES_ERROR;
				CLANG_WARN_QUOTED_INCLUDE_IN_FRAMEWORK_HEADER = YES;
				CLANG_WARN_RANGE_LOOP_ANALYSIS = YES;
				CLANG_WARN_STRICT_PROTOTYPES = YES;
				CLANG_WARN_SUSPICIOUS_MOVE = YES;
				CLANG_WARN_UNGUARDED_AVAILABILITY = YES_AGGRESSIVE;
				CLANG_WARN_UNREACHABLE_CODE = YES;
				CLANG_WARN__DUPLICATE_METHOD_MATCH = YES;
				COPY_PHASE_STRIP = NO;
				DEBUG_INFORMATION_FORMAT = dwarf;
				ENABLE_STRICT_OBJC_MSGSEND = YES;
				ENABLE_TESTABILITY = YES;
				GCC_C_LANGUAGE_STANDARD = gnu11;
				GCC_DYNAMIC_NO_PIC = NO;
				GCC_NO_COMMON_BLOCKS = YES;
				GCC_OPTIMIZATION_LEVEL = 0;
				GCC_PREPROCESSOR_DEFINITIONS = (
					"DEBUG=1",
					"$(inherited)",
				);
				GCC_WARN_64_TO_32_BIT_CONVERSION = YES;
				GCC_WARN_ABOUT_RETURN_TYPE = YES_ERROR;
				GCC_WARN_UNDECLARED_SELECTOR = YES;
				GCC_WARN_UNINITIALIZED_AUTOS = YES_AGGRESSIVE;
				GCC_WARN_UNUSED_FUNCTION = YES;
				GCC_WARN_UNUSED_VARIABLE = YES;
				IPHONEOS_DEPLOYMENT_TARGET = 15.2;
				MTL_ENABLE_DEBUG_INFO = INCLUDE_SOURCE;
				MTL_FAST_MATH = YES;
				ONLY_ACTIVE_ARCH = YES;
				SDKROOT = iphoneos;
				SWIFT_ACTIVE_COMPILATION_CONDITIONS = DEBUG;
				SWIFT_OPTIMIZATION_LEVEL = "-Onone";
			};
			name = Debug;
		};
		B373F0A42AFBE9BD00557E79 /* Release */ = {
			isa = XCBuildConfiguration;
			buildSettings = {
				ALWAYS_SEARCH_USER_PATHS = NO;
				CLANG_ANALYZER_NONNULL = YES;
				CLANG_ANALYZER_NUMBER_OBJECT_CONVERSION = YES_AGGRESSIVE;
				CLANG_CXX_LANGUAGE_STANDARD = "gnu++17";
				CLANG_CXX_LIBRARY = "libc++";
				CLANG_ENABLE_MODULES = YES;
				CLANG_ENABLE_OBJC_ARC = YES;
				CLANG_ENABLE_OBJC_WEAK = YES;
				CLANG_WARN_BLOCK_CAPTURE_AUTORELEASING = YES;
				CLANG_WARN_BOOL_CONVERSION = YES;
				CLANG_WARN_COMMA = YES;
				CLANG_WARN_CONSTANT_CONVERSION = YES;
				CLANG_WARN_DEPRECATED_OBJC_IMPLEMENTATIONS = YES;
				CLANG_WARN_DIRECT_OBJC_ISA_USAGE = YES_ERROR;
				CLANG_WARN_DOCUMENTATION_COMMENTS = YES;
				CLANG_WARN_EMPTY_BODY = YES;
				CLANG_WARN_ENUM_CONVERSION = YES;
				CLANG_WARN_INFINITE_RECURSION = YES;
				CLANG_WARN_INT_CONVERSION = YES;
				CLANG_WARN_NON_LITERAL_NULL_CONVERSION = YES;
				CLANG_WARN_OBJC_IMPLICIT_RETAIN_SELF = YES;
				CLANG_WARN_OBJC_LITERAL_CONVERSION = YES;
				CLANG_WARN_OBJC_ROOT_CLASS = YES_ERROR;
				CLANG_WARN_QUOTED_INCLUDE_IN_FRAMEWORK_HEADER = YES;
				CLANG_WARN_RANGE_LOOP_ANALYSIS = YES;
				CLANG_WARN_STRICT_PROTOTYPES = YES;
				CLANG_WARN_SUSPICIOUS_MOVE = YES;
				CLANG_WARN_UNGUARDED_AVAILABILITY = YES_AGGRESSIVE;
				CLANG_WARN_UNREACHABLE_CODE = YES;
				CLANG_WARN__DUPLICATE_METHOD_MATCH = YES;
				COPY_PHASE_STRIP = NO;
				DEBUG_INFORMATION_FORMAT = "dwarf-with-dsym";
				ENABLE_NS_ASSERTIONS = NO;
				ENABLE_STRICT_OBJC_MSGSEND = YES;
				GCC_C_LANGUAGE_STANDARD = gnu11;
				GCC_NO_COMMON_BLOCKS = YES;
				GCC_WARN_64_TO_32_BIT_CONVERSION = YES;
				GCC_WARN_ABOUT_RETURN_TYPE = YES_ERROR;
				GCC_WARN_UNDECLARED_SELECTOR = YES;
				GCC_WARN_UNINITIALIZED_AUTOS = YES_AGGRESSIVE;
				GCC_WARN_UNUSED_FUNCTION = YES;
				GCC_WARN_UNUSED_VARIABLE = YES;
				IPHONEOS_DEPLOYMENT_TARGET = 15.2;
				MTL_ENABLE_DEBUG_INFO = NO;
				MTL_FAST_MATH = YES;
				SDKROOT = iphoneos;
				SWIFT_COMPILATION_MODE = wholemodule;
				SWIFT_OPTIMIZATION_LEVEL = "-O";
				VALIDATE_PRODUCT = YES;
			};
			name = Release;
		};
		B373F0A62AFBE9BD00557E79 /* Debug */ = {
			isa = XCBuildConfiguration;
			buildSettings = {
				ASSETCATALOG_COMPILER_APPICON_NAME = AppIcon;
				ASSETCATALOG_COMPILER_GLOBAL_ACCENT_COLOR_NAME = AccentColor;
				CODE_SIGN_STYLE = Automatic;
				CURRENT_PROJECT_VERSION = 1;
				GENERATE_INFOPLIST_FILE = YES;
				INFOPLIST_FILE = ChatGPTLatest/Info.plist;
				INFOPLIST_KEY_UIApplicationSupportsIndirectInputEvents = YES;
				INFOPLIST_KEY_UILaunchStoryboardName = LaunchScreen;
				INFOPLIST_KEY_UIMainStoryboardFile = Main;
				INFOPLIST_KEY_UISupportedInterfaceOrientations_iPad = "UIInterfaceOrientationPortrait UIInterfaceOrientationPortraitUpsideDown UIInterfaceOrientationLandscapeLeft UIInterfaceOrientationLandscapeRight";
				INFOPLIST_KEY_UISupportedInterfaceOrientations_iPhone = "UIInterfaceOrientationPortrait UIInterfaceOrientationLandscapeLeft UIInterfaceOrientationLandscapeRight";
				LD_RUNPATH_SEARCH_PATHS = (
					"$(inherited)",
					"@executable_path/Frameworks",
				);
				MARKETING_VERSION = 1.0;
				PRODUCT_BUNDLE_IDENTIFIER = makemycoolApp.ChatGPTLatest;
				PRODUCT_NAME = "$(TARGET_NAME)";
				SWIFT_EMIT_LOC_STRINGS = YES;
				SWIFT_VERSION = 5.0;
				TARGETED_DEVICE_FAMILY = "1,2";
			};
			name = Debug;
		};
		B373F0A72AFBE9BD00557E79 /* Release */ = {
			isa = XCBuildConfiguration;
			buildSettings = {
				ASSETCATALOG_COMPILER_APPICON_NAME = AppIcon;
				ASSETCATALOG_COMPILER_GLOBAL_ACCENT_COLOR_NAME = AccentColor;
				CODE_SIGN_STYLE = Automatic;
				CURRENT_PROJECT_VERSION = 1;
				GENERATE_INFOPLIST_FILE = YES;
				INFOPLIST_FILE = ChatGPTLatest/Info.plist;
				INFOPLIST_KEY_UIApplicationSupportsIndirectInputEvents = YES;
				INFOPLIST_KEY_UILaunchStoryboardName = LaunchScreen;
				INFOPLIST_KEY_UIMainStoryboardFile = Main;
				INFOPLIST_KEY_UISupportedInterfaceOrientations_iPad = "UIInterfaceOrientationPortrait UIInterfaceOrientationPortraitUpsideDown UIInterfaceOrientationLandscapeLeft UIInterfaceOrientationLandscapeRight";
				INFOPLIST_KEY_UISupportedInterfaceOrientations_iPhone = "UIInterfaceOrientationPortrait UIInterfaceOrientationLandscapeLeft UIInterfaceOrientationLandscapeRight";
				LD_RUNPATH_SEARCH_PATHS = (
					"$(inherited)",
					"@executable_path/Frameworks",
				);
				MARKETING_VERSION = 1.0;
				PRODUCT_BUNDLE_IDENTIFIER = makemycoolApp.ChatGPTLatest;
				PRODUCT_NAME = "$(TARGET_NAME)";
				SWIFT_EMIT_LOC_STRINGS = YES;
				SWIFT_VERSION = 5.0;
				TARGETED_DEVICE_FAMILY = "1,2";
			};
			name = Release;
		};
		B373F0A92AFBE9BD00557E79 /* Debug */ = {
			isa = XCBuildConfiguration;
			buildSettings = {
				ALWAYS_EMBED_SWIFT_STANDARD_LIBRARIES = YES;
				BUNDLE_LOADER = "$(TEST_HOST)";
				CODE_SIGN_STYLE = Automatic;
				CURRENT_PROJECT_VERSION = 1;
				GENERATE_INFOPLIST_FILE = YES;
				IPHONEOS_DEPLOYMENT_TARGET = 15.2;
				MARKETING_VERSION = 1.0;
				PRODUCT_BUNDLE_IDENTIFIER = makemycoolApp.ChatGPTLatestTests;
				PRODUCT_NAME = "$(TARGET_NAME)";
				SWIFT_EMIT_LOC_STRINGS = NO;
				SWIFT_VERSION = 5.0;
				TARGETED_DEVICE_FAMILY = "1,2";
				TEST_HOST = "$(BUILT_PRODUCTS_DIR)/ChatGPTLatest.app/ChatGPTLatest";
			};
			name = Debug;
		};
		B373F0AA2AFBE9BD00557E79 /* Release */ = {
			isa = XCBuildConfiguration;
			buildSettings = {
				ALWAYS_EMBED_SWIFT_STANDARD_LIBRARIES = YES;
				BUNDLE_LOADER = "$(TEST_HOST)";
				CODE_SIGN_STYLE = Automatic;
				CURRENT_PROJECT_VERSION = 1;
				GENERATE_INFOPLIST_FILE = YES;
				IPHONEOS_DEPLOYMENT_TARGET = 15.2;
				MARKETING_VERSION = 1.0;
				PRODUCT_BUNDLE_IDENTIFIER = makemycoolApp.ChatGPTLatestTests;
				PRODUCT_NAME = "$(TARGET_NAME)";
				SWIFT_EMIT_LOC_STRINGS = NO;
				SWIFT_VERSION = 5.0;
				TARGETED_DEVICE_FAMILY = "1,2";
				TEST_HOST = "$(BUILT_PRODUCTS_DIR)/ChatGPTLatest.app/ChatGPTLatest";
			};
			name = Release;
		};
		B373F0AC2AFBE9BD00557E79 /* Debug */ = {
			isa = XCBuildConfiguration;
			buildSettings = {
				ALWAYS_EMBED_SWIFT_STANDARD_LIBRARIES = YES;
				CODE_SIGN_STYLE = Automatic;
				CURRENT_PROJECT_VERSION = 1;
				GENERATE_INFOPLIST_FILE = YES;
				MARKETING_VERSION = 1.0;
				PRODUCT_BUNDLE_IDENTIFIER = makemycoolApp.ChatGPTLatestUITests;
				PRODUCT_NAME = "$(TARGET_NAME)";
				SWIFT_EMIT_LOC_STRINGS = NO;
				SWIFT_VERSION = 5.0;
				TARGETED_DEVICE_FAMILY = "1,2";
				TEST_TARGET_NAME = ChatGPTLatest;
			};
			name = Debug;
		};
		B373F0AD2AFBE9BD00557E79 /* Release */ = {
			isa = XCBuildConfiguration;
			buildSettings = {
				ALWAYS_EMBED_SWIFT_STANDARD_LIBRARIES = YES;
				CODE_SIGN_STYLE = Automatic;
				CURRENT_PROJECT_VERSION = 1;
				GENERATE_INFOPLIST_FILE = YES;
				MARKETING_VERSION = 1.0;
				PRODUCT_BUNDLE_IDENTIFIER = makemycoolApp.ChatGPTLatestUITests;
				PRODUCT_NAME = "$(TARGET_NAME)";
				SWIFT_EMIT_LOC_STRINGS = NO;
				SWIFT_VERSION = 5.0;
				TARGETED_DEVICE_FAMILY = "1,2";
				TEST_TARGET_NAME = ChatGPTLatest;
			};
			name = Release;
		};
/* End XCBuildConfiguration section */

/* Begin XCConfigurationList section */
		B373F0762AFBE9B900557E79 /* Build configuration list for PBXProject "ChatGPTLatest" */ = {
			isa = XCConfigurationList;
			buildConfigurations = (
				B373F0A32AFBE9BD00557E79 /* Debug */,
				B373F0A42AFBE9BD00557E79 /* Release */,
			);
			defaultConfigurationIsVisible = 0;
			defaultConfigurationName = Release;
		};
		B373F0A52AFBE9BD00557E79 /* Build configuration list for PBXNativeTarget "ChatGPTLatest" */ = {
			isa = XCConfigurationList;
			buildConfigurations = (
				B373F0A62AFBE9BD00557E79 /* Debug */,
				B373F0A72AFBE9BD00557E79 /* Release */,
			);
			defaultConfigurationIsVisible = 0;
			defaultConfigurationName = Release;
		};
		B373F0A82AFBE9BD00557E79 /* Build configuration list for PBXNativeTarget "ChatGPTLatestTests" */ = {
			isa = XCConfigurationList;
			buildConfigurations = (
				B373F0A92AFBE9BD00557E79 /* Debug */,
				B373F0AA2AFBE9BD00557E79 /* Release */,
			);
			defaultConfigurationIsVisible = 0;
			defaultConfigurationName = Release;
		};
		B373F0AB2AFBE9BD00557E79 /* Build configuration list for PBXNativeTarget "ChatGPTLatestUITests" */ = {
			isa = XCConfigurationList;
			buildConfigurations = (
				B373F0AC2AFBE9BD00557E79 /* Debug */,
				B373F0AD2AFBE9BD00557E79 /* Release */,
			);
			defaultConfigurationIsVisible = 0;
			defaultConfigurationName = Release;
		};
/* End XCConfigurationList section */

/* Begin XCRemoteSwiftPackageReference section */
		B373F0AE2AFBE9F800557E79 /* XCRemoteSwiftPackageReference "OpenAISwift" */ = {
			isa = XCRemoteSwiftPackageReference;
			repositoryURL = "https://github.com/adamrushy/OpenAISwift";
			requirement = {
				branch = main;
				kind = branch;
			};
		};
/* End XCRemoteSwiftPackageReference section */

/* Begin XCSwiftPackageProductDependency section */
		B373F0AF2AFBE9F800557E79 /* OpenAISwift */ = {
			isa = XCSwiftPackageProductDependency;
			package = B373F0AE2AFBE9F800557E79 /* XCRemoteSwiftPackageReference "OpenAISwift" */;
			productName = OpenAISwift;
		};
/* End XCSwiftPackageProductDependency section */
	};
	rootObject = B373F0732AFBE9B900557E79 /* Project object */;
}
